<?xml version="1.0" encoding="UTF-8"?>
<!DOCTYPE plist PUBLIC "-//Apple//DTD PLIST 1.0//EN" "http://www.apple.com/DTDs/PropertyList-1.0.dtd">
<plist version="1.0">
<dict>
	<key>archiveVersion</key>
	<string>1</string>
	<key>classes</key>
	<dict/>
	<key>objectVersion</key>
	<string>46</string>
	<key>objects</key>
	<dict>
		<key>01416EAFEF594ACC9D3A60B7</key>
		<dict>
			<key>buildActionMask</key>
			<string>2147483647</string>
			<key>files</key>
			<array/>
			<key>inputPaths</key>
			<array/>
			<key>isa</key>
			<string>PBXShellScriptBuildPhase</string>
			<key>name</key>
			<string>Copy Pods Resources</string>
			<key>outputPaths</key>
			<array/>
			<key>runOnlyForDeploymentPostprocessing</key>
			<string>0</string>
			<key>shellPath</key>
			<string>/bin/sh</string>
			<key>shellScript</key>
			<string>"${SRCROOT}/Pods/Target Support Files/Pods/Pods-resources.sh"
</string>
			<key>showEnvVarsInLog</key>
			<string>0</string>
		</dict>
		<key>03582D28DE3CDE90C4E27F21</key>
		<dict>
			<key>buildActionMask</key>
			<string>2147483647</string>
			<key>files</key>
			<array/>
			<key>inputPaths</key>
			<array/>
			<key>isa</key>
			<string>PBXShellScriptBuildPhase</string>
			<key>name</key>
			<string>Check Pods Manifest.lock</string>
			<key>outputPaths</key>
			<array/>
			<key>runOnlyForDeploymentPostprocessing</key>
			<string>0</string>
			<key>shellPath</key>
			<string>/bin/sh</string>
			<key>shellScript</key>
			<string>diff "${PODS_ROOT}/../Podfile.lock" "${PODS_ROOT}/Manifest.lock" &gt; /dev/null
if [[ $? != 0 ]] ; then
    cat &lt;&lt; EOM
error: The sandbox is not in sync with the Podfile.lock. Run 'pod install' or update your CocoaPods installation.
EOM
    exit 1
fi
</string>
			<key>showEnvVarsInLog</key>
			<string>0</string>
		</dict>
		<key>0B828A7C94C64430A70C96AC</key>
		<dict>
			<key>buildSettings</key>
			<dict>
				<key>ALWAYS_SEARCH_USER_PATHS</key>
				<string>NO</string>
				<key>CLANG_CXX_LANGUAGE_STANDARD</key>
				<string>gnu++0x</string>
				<key>CLANG_CXX_LIBRARY</key>
				<string>libc++</string>
				<key>CLANG_ENABLE_MODULES</key>
				<string>YES</string>
				<key>CLANG_ENABLE_OBJC_ARC</key>
				<string>YES</string>
				<key>CLANG_WARN_BOOL_CONVERSION</key>
				<string>YES</string>
				<key>CLANG_WARN_CONSTANT_CONVERSION</key>
				<string>YES</string>
				<key>CLANG_WARN_DIRECT_OBJC_ISA_USAGE</key>
				<string>YES_ERROR</string>
				<key>CLANG_WARN_EMPTY_BODY</key>
				<string>YES</string>
				<key>CLANG_WARN_ENUM_CONVERSION</key>
				<string>YES</string>
				<key>CLANG_WARN_INT_CONVERSION</key>
				<string>YES</string>
				<key>CLANG_WARN_OBJC_ROOT_CLASS</key>
				<string>YES_ERROR</string>
				<key>COPY_PHASE_STRIP</key>
				<string>NO</string>
				<key>ENABLE_NS_ASSERTIONS</key>
				<string>NO</string>
				<key>GCC_C_LANGUAGE_STANDARD</key>
				<string>gnu99</string>
				<key>GCC_WARN_64_TO_32_BIT_CONVERSION</key>
				<string>YES</string>
				<key>GCC_WARN_ABOUT_RETURN_TYPE</key>
				<string>YES_ERROR</string>
				<key>GCC_WARN_UNDECLARED_SELECTOR</key>
				<string>YES</string>
				<key>GCC_WARN_UNINITIALIZED_AUTOS</key>
				<string>YES</string>
				<key>GCC_WARN_UNUSED_FUNCTION</key>
				<string>YES</string>
				<key>GCC_WARN_UNUSED_VARIABLE</key>
				<string>YES</string>
				<key>VALIDATE_PRODUCT</key>
				<string>YES</string>
			</dict>
			<key>isa</key>
			<string>XCBuildConfiguration</string>
			<key>name</key>
			<string>Release</string>
		</dict>
		<key>2FE9702FB80F4E219FC2AFEB</key>
		<dict>
			<key>children</key>
			<array>
				<string>A7BF088596894FDD8CE978D2</string>
				<string>EC0E701E1F374834B9DFE777</string>
			</array>
			<key>isa</key>
			<string>PBXGroup</string>
			<key>sourceTree</key>
			<string>&lt;group&gt;</string>
		</dict>
		<key>3BD591BE01194508946DDCB9</key>
		<dict>
			<key>buildSettings</key>
			<dict>
				<key>ALWAYS_SEARCH_USER_PATHS</key>
				<string>NO</string>
				<key>CLANG_CXX_LANGUAGE_STANDARD</key>
				<string>gnu++0x</string>
				<key>CLANG_CXX_LIBRARY</key>
				<string>libc++</string>
				<key>CLANG_ENABLE_MODULES</key>
				<string>YES</string>
				<key>CLANG_ENABLE_OBJC_ARC</key>
				<string>YES</string>
				<key>CLANG_WARN_BOOL_CONVERSION</key>
				<string>YES</string>
				<key>CLANG_WARN_CONSTANT_CONVERSION</key>
				<string>YES</string>
				<key>CLANG_WARN_DIRECT_OBJC_ISA_USAGE</key>
				<string>YES_ERROR</string>
				<key>CLANG_WARN_EMPTY_BODY</key>
				<string>YES</string>
				<key>CLANG_WARN_ENUM_CONVERSION</key>
				<string>YES</string>
				<key>CLANG_WARN_INT_CONVERSION</key>
				<string>YES</string>
				<key>CLANG_WARN_OBJC_ROOT_CLASS</key>
				<string>YES_ERROR</string>
				<key>COPY_PHASE_STRIP</key>
				<string>YES</string>
				<key>GCC_C_LANGUAGE_STANDARD</key>
				<string>gnu99</string>
				<key>GCC_DYNAMIC_NO_PIC</key>
				<string>NO</string>
				<key>GCC_OPTIMIZATION_LEVEL</key>
				<string>0</string>
				<key>GCC_PREPROCESSOR_DEFINITIONS</key>
				<array>
					<string>DEBUG=1</string>
					<string>$(inherited)</string>
				</array>
				<key>GCC_SYMBOLS_PRIVATE_EXTERN</key>
				<string>NO</string>
				<key>GCC_WARN_64_TO_32_BIT_CONVERSION</key>
				<string>YES</string>
				<key>GCC_WARN_ABOUT_RETURN_TYPE</key>
				<string>YES_ERROR</string>
				<key>GCC_WARN_UNDECLARED_SELECTOR</key>
				<string>YES</string>
				<key>GCC_WARN_UNINITIALIZED_AUTOS</key>
				<string>YES</string>
				<key>GCC_WARN_UNUSED_FUNCTION</key>
				<string>YES</string>
				<key>GCC_WARN_UNUSED_VARIABLE</key>
				<string>YES</string>
				<key>ONLY_ACTIVE_ARCH</key>
				<string>YES</string>
			</dict>
			<key>isa</key>
			<string>XCBuildConfiguration</string>
			<key>name</key>
			<string>Debug</string>
		</dict>
		<key>70D7500CF890F03B4A261E29</key>
		<dict>
			<key>children</key>
			<array>
				<string>7AED8E5431C65EEF605F63B2</string>
				<string>F6D1F7D42142063429B51370</string>
			</array>
			<key>isa</key>
			<string>PBXGroup</string>
			<key>name</key>
			<string>Pods</string>
			<key>sourceTree</key>
			<string>&lt;group&gt;</string>
		</dict>
		<key>76CA91D20C60C58B4A30C174</key>
		<dict>
			<key>buildActionMask</key>
			<string>2147483647</string>
			<key>files</key>
			<array/>
			<key>inputPaths</key>
			<array/>
			<key>isa</key>
			<string>PBXShellScriptBuildPhase</string>
			<key>name</key>
			<string>Embed Pods Frameworks</string>
			<key>outputPaths</key>
			<array/>
			<key>runOnlyForDeploymentPostprocessing</key>
			<string>0</string>
			<key>shellPath</key>
			<string>/bin/sh</string>
			<key>shellScript</key>
			<string>"${SRCROOT}/Pods/Target Support Files/Pods/Pods-frameworks.sh"
</string>
			<key>showEnvVarsInLog</key>
			<string>0</string>
		</dict>
		<key>7A25BC02590A307BDAED4CB4</key>
		<dict>
			<key>fileRef</key>
			<string>AF84C7FE28D4DD8F2AE1C607</string>
			<key>isa</key>
			<string>PBXBuildFile</string>
		</dict>
		<key>7AED8E5431C65EEF605F63B2</key>
		<dict>
			<key>includeInIndex</key>
			<string>1</string>
			<key>isa</key>
			<string>PBXFileReference</string>
			<key>lastKnownFileType</key>
			<string>text.xcconfig</string>
			<key>name</key>
			<string>Pods.debug.xcconfig</string>
			<key>path</key>
			<string>Pods/Target Support Files/Pods/Pods.debug.xcconfig</string>
			<key>sourceTree</key>
			<string>&lt;group&gt;</string>
		</dict>
		<key>7FAB006D52D04539974694A3</key>
		<dict>
			<key>children</key>
			<array>
				<string>921EDC471C7ECD090052FED1</string>
				<string>F99C06679C9A49CF84FA3D96</string>
				<string>AF84C7FE28D4DD8F2AE1C607</string>
			</array>
			<key>isa</key>
			<string>PBXGroup</string>
			<key>name</key>
			<string>Frameworks</string>
			<key>sourceTree</key>
			<string>&lt;group&gt;</string>
		</dict>
		<key>92194AB81C7EC6B70003DB42</key>
		<dict>
			<key>fileEncoding</key>
			<string>4</string>
			<key>isa</key>
			<string>PBXFileReference</string>
			<key>lastKnownFileType</key>
			<string>sourcecode.swift</string>
			<key>path</key>
			<string>RssRecord.swift</string>
			<key>sourceTree</key>
			<string>&lt;group&gt;</string>
		</dict>
		<key>92194AB91C7EC6B70003DB42</key>
		<dict>
			<key>fileRef</key>
			<string>92194AB81C7EC6B70003DB42</string>
			<key>isa</key>
			<string>PBXBuildFile</string>
		</dict>
		<key>92194ABA1C7EC6C40003DB42</key>
		<dict>
			<key>fileEncoding</key>
			<string>4</string>
			<key>isa</key>
			<string>PBXFileReference</string>
			<key>lastKnownFileType</key>
			<string>sourcecode.swift</string>
			<key>path</key>
			<string>Common.swift</string>
			<key>sourceTree</key>
			<string>&lt;group&gt;</string>
		</dict>
		<key>92194ABB1C7EC6C40003DB42</key>
		<dict>
			<key>fileRef</key>
			<string>92194ABA1C7EC6C40003DB42</string>
			<key>isa</key>
			<string>PBXBuildFile</string>
		</dict>
		<key>92194ABC1C7EC6E80003DB42</key>
		<dict>
			<key>fileEncoding</key>
			<string>4</string>
			<key>isa</key>
			<string>PBXFileReference</string>
			<key>lastKnownFileType</key>
			<string>sourcecode.swift</string>
			<key>path</key>
			<string>DetailsViewController.swift</string>
			<key>sourceTree</key>
			<string>&lt;group&gt;</string>
		</dict>
		<key>92194ABD1C7EC6E80003DB42</key>
		<dict>
			<key>fileEncoding</key>
			<string>4</string>
			<key>isa</key>
			<string>PBXFileReference</string>
			<key>lastKnownFileType</key>
			<string>sourcecode.swift</string>
			<key>path</key>
			<string>ListViewController.swift</string>
			<key>sourceTree</key>
			<string>&lt;group&gt;</string>
		</dict>
		<key>92194ABE1C7EC6E80003DB42</key>
		<dict>
			<key>fileRef</key>
			<string>92194ABC1C7EC6E80003DB42</string>
			<key>isa</key>
			<string>PBXBuildFile</string>
		</dict>
		<key>92194ABF1C7EC6E80003DB42</key>
		<dict>
			<key>fileRef</key>
			<string>92194ABD1C7EC6E80003DB42</string>
			<key>isa</key>
			<string>PBXBuildFile</string>
		</dict>
		<key>92194AC01C7EC85B0003DB42</key>
		<dict>
			<key>buildActionMask</key>
			<string>2147483647</string>
			<key>files</key>
			<array/>
			<key>inputPaths</key>
			<array/>
			<key>isa</key>
			<string>PBXShellScriptBuildPhase</string>
			<key>outputPaths</key>
			<array/>
			<key>runOnlyForDeploymentPostprocessing</key>
			<string>0</string>
			<key>shellPath</key>
			<string>/bin/sh</string>
			<key>shellScript</key>
			<string>"${PODS_ROOT}/Fabric/run" cfd44ffd2bff9f2111db37e09cf037efe76f8fe0 1831c58c112530c1f3f9f85ea8cb1606fd6cbcbaeb8200304dbd8332d37ea9a1</string>
		</dict>
		<key>921EDC471C7ECD090052FED1</key>
		<dict>
			<key>isa</key>
			<string>PBXFileReference</string>
			<key>lastKnownFileType</key>
			<string>wrapper.framework</string>
			<key>name</key>
			<string>Rollout.framework</string>
			<key>path</key>
			<string>Pods/Rollout.io/Rollout/Rollout.framework</string>
			<key>sourceTree</key>
			<string>&lt;group&gt;</string>
		</dict>
		<key>921EDC481C7ECD090052FED1</key>
		<dict>
			<key>fileRef</key>
			<string>921EDC471C7ECD090052FED1</string>
			<key>isa</key>
			<string>PBXBuildFile</string>
		</dict>
		<key>926399531C7D7D980017B7A6</key>
		<dict>
			<key>fileEncoding</key>
			<string>4</string>
			<key>isa</key>
			<string>PBXFileReference</string>
			<key>lastKnownFileType</key>
			<string>file.storyboard</string>
			<key>path</key>
			<string>Main.storyboard</string>
			<key>sourceTree</key>
			<string>SOURCE_ROOT</string>
		</dict>
		<key>926399541C7D7D980017B7A6</key>
		<dict>
			<key>fileRef</key>
			<string>926399531C7D7D980017B7A6</string>
			<key>isa</key>
			<string>PBXBuildFile</string>
		</dict>
		<key>92AB0D7B1C7D7D7D0030C3D1</key>
		<dict>
			<key>isa</key>
			<string>PBXFileReference</string>
			<key>lastKnownFileType</key>
			<string>wrapper.workspace</string>
			<key>path</key>
			<string>WSDAPP.xcworkspace</string>
			<key>sourceTree</key>
			<string>SOURCE_ROOT</string>
		</dict>
		<key>92AB0D7C1C7D7D7D0030C3D1</key>
		<dict>
			<key>fileRef</key>
			<string>92AB0D7B1C7D7D7D0030C3D1</string>
			<key>isa</key>
			<string>PBXBuildFile</string>
		</dict>
		<key>92D055C41C76B80A00CBEEC0</key>
		<dict>
			<key>isa</key>
			<string>PBXFileReference</string>
			<key>lastKnownFileType</key>
			<string>sourcecode.c.h</string>
			<key>path</key>
			<string>SidebarMenu-Bridging-Header.h</string>
			<key>sourceTree</key>
			<string>&lt;group&gt;</string>
		</dict>
		<key>92D055C81C76E59300CBEEC0</key>
		<dict>
			<key>fileEncoding</key>
			<string>4</string>
			<key>isa</key>
			<string>PBXFileReference</string>
			<key>lastKnownFileType</key>
			<string>sourcecode.c.h</string>
			<key>path</key>
			<string>SWRevealViewController.h</string>
			<key>sourceTree</key>
			<string>SOURCE_ROOT</string>
		</dict>
		<key>92D055C91C76E59300CBEEC0</key>
		<dict>
			<key>fileEncoding</key>
			<string>4</string>
			<key>isa</key>
			<string>PBXFileReference</string>
			<key>lastKnownFileType</key>
			<string>sourcecode.c.objc</string>
			<key>path</key>
			<string>SWRevealViewController.m</string>
			<key>sourceTree</key>
			<string>SOURCE_ROOT</string>
		</dict>
		<key>92D055CA1C76E59300CBEEC0</key>
		<dict>
			<key>fileRef</key>
			<string>92D055C91C76E59300CBEEC0</string>
			<key>isa</key>
			<string>PBXBuildFile</string>
		</dict>
		<key>92D055CB1C780FC000CBEEC0</key>
		<dict>
			<key>fileEncoding</key>
			<string>4</string>
			<key>isa</key>
			<string>PBXFileReference</string>
			<key>lastKnownFileType</key>
			<string>sourcecode.swift</string>
			<key>path</key>
			<string>CalendarViewController.swift</string>
			<key>sourceTree</key>
			<string>&lt;group&gt;</string>
		</dict>
		<key>92D055CC1C780FC000CBEEC0</key>
		<dict>
			<key>fileRef</key>
			<string>92D055CB1C780FC000CBEEC0</string>
			<key>isa</key>
			<string>PBXBuildFile</string>
		</dict>
		<key>92D055CD1C78218A00CBEEC0</key>
		<dict>
			<key>fileEncoding</key>
			<string>4</string>
			<key>isa</key>
			<string>PBXFileReference</string>
			<key>lastKnownFileType</key>
			<string>sourcecode.swift</string>
			<key>path</key>
			<string>AlertViewController.swift</string>
			<key>sourceTree</key>
			<string>&lt;group&gt;</string>
		</dict>
		<key>92D055CE1C78218A00CBEEC0</key>
		<dict>
			<key>fileRef</key>
			<string>92D055CD1C78218A00CBEEC0</string>
			<key>isa</key>
			<string>PBXBuildFile</string>
		</dict>
		<key>92D1EB4D1C78380600C39B1D</key>
		<dict>
			<key>fileEncoding</key>
			<string>4</string>
			<key>isa</key>
			<string>PBXFileReference</string>
			<key>lastKnownFileType</key>
			<string>sourcecode.swift</string>
			<key>path</key>
			<string>LunchViewController.swift</string>
			<key>sourceTree</key>
			<string>&lt;group&gt;</string>
		</dict>
		<key>92D1EB4E1C78380600C39B1D</key>
		<dict>
			<key>fileRef</key>
			<string>92D1EB4D1C78380600C39B1D</string>
			<key>isa</key>
			<string>PBXBuildFile</string>
		</dict>
		<key>92D1EB4F1C78385F00C39B1D</key>
		<dict>
			<key>fileEncoding</key>
			<string>4</string>
			<key>isa</key>
			<string>PBXFileReference</string>
			<key>lastKnownFileType</key>
			<string>sourcecode.swift</string>
			<key>path</key>
			<string>HomeViewController.swift</string>
			<key>sourceTree</key>
			<string>&lt;group&gt;</string>
		</dict>
		<key>92D1EB501C78385F00C39B1D</key>
		<dict>
			<key>fileEncoding</key>
			<string>4</string>
			<key>isa</key>
			<string>PBXFileReference</string>
			<key>lastKnownFileType</key>
			<string>sourcecode.swift</string>
			<key>path</key>
			<string>SkywardViewController.swift</string>
			<key>sourceTree</key>
			<string>&lt;group&gt;</string>
		</dict>
		<key>92D1EB511C78385F00C39B1D</key>
		<dict>
			<key>fileRef</key>
			<string>92D1EB4F1C78385F00C39B1D</string>
			<key>isa</key>
			<string>PBXBuildFile</string>
		</dict>
		<key>92D1EB521C78385F00C39B1D</key>
		<dict>
			<key>fileRef</key>
			<string>92D1EB501C78385F00C39B1D</string>
			<key>isa</key>
			<string>PBXBuildFile</string>
		</dict>
		<key>92D1EB531C7840F400C39B1D</key>
		<dict>
			<key>isa</key>
			<string>PBXFileReference</string>
			<key>lastKnownFileType</key>
			<string>wrapper.framework</string>
			<key>name</key>
			<string>WebKit.framework</string>
			<key>path</key>
			<string>System/Library/Frameworks/WebKit.framework</string>
			<key>sourceTree</key>
			<string>SDKROOT</string>
		</dict>
		<key>92D1EB541C7840F400C39B1D</key>
		<dict>
			<key>fileRef</key>
			<string>92D1EB531C7840F400C39B1D</string>
			<key>isa</key>
			<string>PBXBuildFile</string>
		</dict>
		<key>92D1EB551C7840FE00C39B1D</key>
		<dict>
			<key>isa</key>
			<string>PBXFileReference</string>
			<key>lastKnownFileType</key>
			<string>wrapper.framework</string>
			<key>name</key>
			<string>UIKit.framework</string>
			<key>path</key>
			<string>System/Library/Frameworks/UIKit.framework</string>
			<key>sourceTree</key>
			<string>SDKROOT</string>
		</dict>
		<key>92D1EB561C7840FE00C39B1D</key>
		<dict>
			<key>fileRef</key>
			<string>92D1EB551C7840FE00C39B1D</string>
			<key>isa</key>
			<string>PBXBuildFile</string>
		</dict>
		<key>92D1EB571C79391900C39B1D</key>
		<dict>
			<key>fileEncoding</key>
			<string>4</string>
			<key>isa</key>
			<string>PBXFileReference</string>
			<key>lastKnownFileType</key>
			<string>sourcecode.swift</string>
			<key>path</key>
			<string>AboutViewController.swift</string>
			<key>sourceTree</key>
			<string>&lt;group&gt;</string>
		</dict>
		<key>92D1EB581C79391900C39B1D</key>
		<dict>
			<key>fileRef</key>
			<string>92D1EB571C79391900C39B1D</string>
			<key>isa</key>
			<string>PBXBuildFile</string>
		</dict>
		<key>A7BF088596894FDD8CE978D2</key>
		<dict>
			<key>children</key>
			<array/>
			<key>isa</key>
			<string>PBXGroup</string>
			<key>name</key>
			<string>Products</string>
			<key>sourceTree</key>
			<string>&lt;group&gt;</string>
		</dict>
		<key>AF6A5B6220AB4B69917CB07F</key>
		<dict>
			<key>fileRef</key>
			<string>F99C06679C9A49CF84FA3D96</string>
			<key>isa</key>
			<string>PBXBuildFile</string>
			<key>settings</key>
			<dict>
				<key>ATTRIBUTES</key>
				<array>
					<string>Weak</string>
				</array>
			</dict>
		</dict>
		<key>AF84C7FE28D4DD8F2AE1C607</key>
		<dict>
			<key>explicitFileType</key>
			<string>wrapper.framework</string>
			<key>includeInIndex</key>
			<string>0</string>
			<key>isa</key>
			<string>PBXFileReference</string>
			<key>path</key>
			<string>Pods.framework</string>
			<key>sourceTree</key>
			<string>BUILT_PRODUCTS_DIR</string>
		</dict>
		<key>B93AB4BCEE294E218010C2EB</key>
		<dict>
			<key>buildActionMask</key>
			<string>2147483647</string>
			<key>files</key>
			<array/>
			<key>inputPaths</key>
			<array/>
			<key>isa</key>
			<string>PBXShellScriptBuildPhase</string>
			<key>name</key>
			<string>Rollout.io dsym upload</string>
			<key>outputPaths</key>
			<array/>
			<key>runOnlyForDeploymentPostprocessing</key>
			<string>0</string>
			<key>shellPath</key>
			<string>/bin/sh</string>
			<key>shellScript</key>
			<string>ROLLOUT_lastXcodeprojConfiguration=5 "${SRCROOT}/Pods/Rollout.io/lib/upload_dsym_phase" -k 56c8f44ed3b53d1615a3fadb</string>
			<key>showEnvVarsInLog</key>
			<string>1</string>
		</dict>
		<key>BF3F52B9EEC24FA5A12D9645</key>
		<dict>
			<key>buildConfigurations</key>
			<array>
				<string>3BD591BE01194508946DDCB9</string>
				<string>0B828A7C94C64430A70C96AC</string>
			</array>
			<key>defaultConfigurationIsVisible</key>
			<string>0</string>
			<key>defaultConfigurationName</key>
			<string>Release</string>
			<key>isa</key>
			<string>XCConfigurationList</string>
		</dict>
		<key>EC0E701E1F374834B9DFE777</key>
		<dict>
			<key>children</key>
			<array/>
			<key>isa</key>
			<string>PBXGroup</string>
			<key>name</key>
			<string>Frameworks</string>
			<key>sourceTree</key>
			<string>&lt;group&gt;</string>
		</dict>
		<key>F47029E71A7F27DB00E30A3C</key>
		<dict>
			<key>children</key>
			<array>
				<string>92D1EB551C7840FE00C39B1D</string>
				<string>92D1EB531C7840F400C39B1D</string>
				<string>F4702A151A7F342F00E30A3C</string>
				<string>F47029F21A7F27DB00E30A3C</string>
				<string>F4702A081A7F27DC00E30A3C</string>
				<string>F47029F11A7F27DB00E30A3C</string>
				<string>7FAB006D52D04539974694A3</string>
				<string>70D7500CF890F03B4A261E29</string>
			</array>
			<key>isa</key>
			<string>PBXGroup</string>
			<key>sourceTree</key>
			<string>&lt;group&gt;</string>
		</dict>
		<key>F47029E81A7F27DB00E30A3C</key>
		<dict>
			<key>attributes</key>
			<dict>
				<key>LastSwiftUpdateCheck</key>
				<string>0720</string>
				<key>LastUpgradeCheck</key>
				<string>0700</string>
				<key>ORGANIZATIONNAME</key>
				<string>AppCoda</string>
				<key>TargetAttributes</key>
				<dict>
					<key>F47029EF1A7F27DB00E30A3C</key>
					<dict>
						<key>CreatedOnToolsVersion</key>
						<string>6.1.1</string>
						<key>DevelopmentTeam</key>
						<string>H65Y924PHT</string>
						<key>SystemCapabilities</key>
						<dict>
							<key>com.apple.Maps.iOS</key>
							<dict>
								<key>enabled</key>
								<string>0</string>
							</dict>
						</dict>
					</dict>
					<key>F4702A041A7F27DC00E30A3C</key>
					<dict>
						<key>CreatedOnToolsVersion</key>
						<string>6.1.1</string>
						<key>TestTargetID</key>
						<string>F47029EF1A7F27DB00E30A3C</string>
					</dict>
				</dict>
			</dict>
			<key>buildConfigurationList</key>
			<string>F47029EB1A7F27DB00E30A3C</string>
			<key>compatibilityVersion</key>
			<string>Xcode 3.2</string>
			<key>developmentRegion</key>
			<string>English</string>
			<key>hasScannedForEncodings</key>
			<string>0</string>
			<key>isa</key>
			<string>PBXProject</string>
			<key>knownRegions</key>
			<array>
				<string>en</string>
				<string>Base</string>
			</array>
			<key>mainGroup</key>
			<string>F47029E71A7F27DB00E30A3C</string>
			<key>productRefGroup</key>
			<string>F47029F11A7F27DB00E30A3C</string>
			<key>projectDirPath</key>
			<string></string>
			<key>projectReferences</key>
			<array/>
			<key>projectRoot</key>
			<string></string>
			<key>targets</key>
			<array>
				<string>F47029EF1A7F27DB00E30A3C</string>
				<string>F4702A041A7F27DC00E30A3C</string>
			</array>
		</dict>
		<key>F47029EB1A7F27DB00E30A3C</key>
		<dict>
			<key>buildConfigurations</key>
			<array>
				<string>F4702A0D1A7F27DC00E30A3C</string>
				<string>F4702A0E1A7F27DC00E30A3C</string>
			</array>
			<key>defaultConfigurationIsVisible</key>
			<string>0</string>
			<key>defaultConfigurationName</key>
			<string>Release</string>
			<key>isa</key>
			<string>XCConfigurationList</string>
		</dict>
		<key>F47029EC1A7F27DB00E30A3C</key>
		<dict>
			<key>buildActionMask</key>
			<string>2147483647</string>
			<key>files</key>
			<array>
				<string>92194ABF1C7EC6E80003DB42</string>
				<string>92D055CC1C780FC000CBEEC0</string>
				<string>F4702A181A7F351C00E30A3C</string>
				<string>92D1EB521C78385F00C39B1D</string>
				<string>92D1EB581C79391900C39B1D</string>
				<string>F47029F61A7F27DB00E30A3C</string>
				<string>92D1EB4E1C78380600C39B1D</string>
				<string>92D055CA1C76E59300CBEEC0</string>
				<string>92194AB91C7EC6B70003DB42</string>
				<string>92D1EB511C78385F00C39B1D</string>
				<string>92194ABE1C7EC6E80003DB42</string>
				<string>92194ABB1C7EC6C40003DB42</string>
				<string>92D055CE1C78218A00CBEEC0</string>
			</array>
			<key>isa</key>
			<string>PBXSourcesBuildPhase</string>
			<key>runOnlyForDeploymentPostprocessing</key>
			<string>0</string>
		</dict>
		<key>F47029ED1A7F27DB00E30A3C</key>
		<dict>
			<key>buildActionMask</key>
			<string>2147483647</string>
			<key>files</key>
			<array>
				<string>921EDC481C7ECD090052FED1</string>
				<string>92D1EB561C7840FE00C39B1D</string>
				<string>92D1EB541C7840F400C39B1D</string>
				<string>F4702A161A7F342F00E30A3C</string>
				<string>AF6A5B6220AB4B69917CB07F</string>
				<string>7A25BC02590A307BDAED4CB4</string>
			</array>
			<key>isa</key>
			<string>PBXFrameworksBuildPhase</string>
			<key>runOnlyForDeploymentPostprocessing</key>
			<string>0</string>
		</dict>
		<key>F47029EE1A7F27DB00E30A3C</key>
		<dict>
			<key>buildActionMask</key>
			<string>2147483647</string>
			<key>files</key>
			<array>
				<string>F4702A001A7F27DC00E30A3C</string>
				<string>92AB0D7C1C7D7D7D0030C3D1</string>
				<string>F47029FD1A7F27DB00E30A3C</string>
				<string>926399541C7D7D980017B7A6</string>
			</array>
			<key>isa</key>
			<string>PBXResourcesBuildPhase</string>
			<key>runOnlyForDeploymentPostprocessing</key>
			<string>0</string>
		</dict>
		<key>F47029EF1A7F27DB00E30A3C</key>
		<dict>
			<key>buildConfigurationList</key>
			<string>F4702A0F1A7F27DC00E30A3C</string>
			<key>buildPhases</key>
			<array>
				<string>03582D28DE3CDE90C4E27F21</string>
				<string>F47029EC1A7F27DB00E30A3C</string>
				<string>F47029ED1A7F27DB00E30A3C</string>
				<string>F47029EE1A7F27DB00E30A3C</string>
				<string>B93AB4BCEE294E218010C2EB</string>
				<string>76CA91D20C60C58B4A30C174</string>
				<string>01416EAFEF594ACC9D3A60B7</string>
				<string>92194AC01C7EC85B0003DB42</string>
			</array>
			<key>buildRules</key>
			<array/>
			<key>dependencies</key>
			<array/>
			<key>isa</key>
			<string>PBXNativeTarget</string>
			<key>name</key>
			<string>WSDAPP</string>
			<key>productName</key>
			<string>SidebarMenu</string>
			<key>productReference</key>
			<string>F47029F01A7F27DB00E30A3C</string>
			<key>productType</key>
			<string>com.apple.product-type.application</string>
		</dict>
		<key>F47029F01A7F27DB00E30A3C</key>
		<dict>
			<key>explicitFileType</key>
			<string>wrapper.application</string>
			<key>includeInIndex</key>
			<string>0</string>
			<key>isa</key>
			<string>PBXFileReference</string>
			<key>path</key>
			<string>WSDAPP.app</string>
			<key>sourceTree</key>
			<string>BUILT_PRODUCTS_DIR</string>
		</dict>
		<key>F47029F11A7F27DB00E30A3C</key>
		<dict>
			<key>children</key>
			<array>
				<string>F47029F01A7F27DB00E30A3C</string>
				<string>F4702A051A7F27DC00E30A3C</string>
			</array>
			<key>isa</key>
			<string>PBXGroup</string>
			<key>name</key>
			<string>Products</string>
			<key>sourceTree</key>
			<string>&lt;group&gt;</string>
		</dict>
		<key>F47029F21A7F27DB00E30A3C</key>
		<dict>
			<key>children</key>
			<array>
				<string>92D055C81C76E59300CBEEC0</string>
				<string>92D055C91C76E59300CBEEC0</string>
				<string>F47029F51A7F27DB00E30A3C</string>
				<string>F47029FC1A7F27DB00E30A3C</string>
				<string>926399531C7D7D980017B7A6</string>
				<string>92AB0D7B1C7D7D7D0030C3D1</string>
				<string>F47029FE1A7F27DB00E30A3C</string>
				<string>F47029F31A7F27DB00E30A3C</string>
				<string>F4702A171A7F351C00E30A3C</string>
				<string>92D1EB4F1C78385F00C39B1D</string>
				<string>92D1EB4D1C78380600C39B1D</string>
				<string>92D055CB1C780FC000CBEEC0</string>
				<string>92D1EB501C78385F00C39B1D</string>
				<string>92D055CD1C78218A00CBEEC0</string>
				<string>92D1EB571C79391900C39B1D</string>
				<string>92194AB81C7EC6B70003DB42</string>
				<string>92194ABA1C7EC6C40003DB42</string>
				<string>92194ABC1C7EC6E80003DB42</string>
				<string>92194ABD1C7EC6E80003DB42</string>
				<string>92D055C41C76B80A00CBEEC0</string>
			</array>
			<key>isa</key>
			<string>PBXGroup</string>
			<key>name</key>
			<string>WSDAPP</string>
			<key>path</key>
			<string>SidebarMenu</string>
			<key>sourceTree</key>
			<string>&lt;group&gt;</string>
		</dict>
		<key>F47029F31A7F27DB00E30A3C</key>
		<dict>
			<key>children</key>
			<array>
				<string>F47029F41A7F27DB00E30A3C</string>
			</array>
			<key>isa</key>
			<string>PBXGroup</string>
			<key>name</key>
			<string>Supporting Files</string>
			<key>sourceTree</key>
			<string>&lt;group&gt;</string>
		</dict>
		<key>F47029F41A7F27DB00E30A3C</key>
		<dict>
			<key>isa</key>
			<string>PBXFileReference</string>
			<key>lastKnownFileType</key>
			<string>text.plist.xml</string>
			<key>path</key>
			<string>Info.plist</string>
			<key>sourceTree</key>
			<string>&lt;group&gt;</string>
		</dict>
		<key>F47029F51A7F27DB00E30A3C</key>
		<dict>
			<key>isa</key>
			<string>PBXFileReference</string>
			<key>lastKnownFileType</key>
			<string>sourcecode.swift</string>
			<key>path</key>
			<string>AppDelegate.swift</string>
			<key>sourceTree</key>
			<string>&lt;group&gt;</string>
		</dict>
		<key>F47029F61A7F27DB00E30A3C</key>
		<dict>
			<key>fileRef</key>
			<string>F47029F51A7F27DB00E30A3C</string>
			<key>isa</key>
			<string>PBXBuildFile</string>
		</dict>
		<key>F47029FC1A7F27DB00E30A3C</key>
		<dict>
			<key>isa</key>
			<string>PBXFileReference</string>
			<key>lastKnownFileType</key>
			<string>folder.assetcatalog</string>
			<key>path</key>
			<string>Images.xcassets</string>
			<key>sourceTree</key>
			<string>&lt;group&gt;</string>
		</dict>
		<key>F47029FD1A7F27DB00E30A3C</key>
		<dict>
			<key>fileRef</key>
			<string>F47029FC1A7F27DB00E30A3C</string>
			<key>isa</key>
			<string>PBXBuildFile</string>
		</dict>
		<key>F47029FE1A7F27DB00E30A3C</key>
		<dict>
			<key>children</key>
			<array>
				<string>F47029FF1A7F27DB00E30A3C</string>
			</array>
			<key>isa</key>
			<string>PBXVariantGroup</string>
			<key>name</key>
			<string>LaunchScreen.xib</string>
			<key>sourceTree</key>
			<string>&lt;group&gt;</string>
		</dict>
		<key>F47029FF1A7F27DB00E30A3C</key>
		<dict>
			<key>isa</key>
			<string>PBXFileReference</string>
			<key>lastKnownFileType</key>
			<string>file.xib</string>
			<key>name</key>
			<string>Base</string>
			<key>path</key>
			<string>Base.lproj/LaunchScreen.xib</string>
			<key>sourceTree</key>
			<string>&lt;group&gt;</string>
		</dict>
		<key>F4702A001A7F27DC00E30A3C</key>
		<dict>
			<key>fileRef</key>
			<string>F47029FE1A7F27DB00E30A3C</string>
			<key>isa</key>
			<string>PBXBuildFile</string>
		</dict>
		<key>F4702A011A7F27DC00E30A3C</key>
		<dict>
			<key>buildActionMask</key>
			<string>2147483647</string>
			<key>files</key>
			<array>
				<string>F4702A0C1A7F27DC00E30A3C</string>
			</array>
			<key>isa</key>
			<string>PBXSourcesBuildPhase</string>
			<key>runOnlyForDeploymentPostprocessing</key>
			<string>0</string>
		</dict>
		<key>F4702A021A7F27DC00E30A3C</key>
		<dict>
			<key>buildActionMask</key>
			<string>2147483647</string>
			<key>files</key>
			<array/>
			<key>isa</key>
			<string>PBXFrameworksBuildPhase</string>
			<key>runOnlyForDeploymentPostprocessing</key>
			<string>0</string>
		</dict>
		<key>F4702A031A7F27DC00E30A3C</key>
		<dict>
			<key>buildActionMask</key>
			<string>2147483647</string>
			<key>files</key>
			<array/>
			<key>isa</key>
			<string>PBXResourcesBuildPhase</string>
			<key>runOnlyForDeploymentPostprocessing</key>
			<string>0</string>
		</dict>
		<key>F4702A041A7F27DC00E30A3C</key>
		<dict>
			<key>buildConfigurationList</key>
			<string>F4702A121A7F27DC00E30A3C</string>
			<key>buildPhases</key>
			<array>
				<string>F4702A011A7F27DC00E30A3C</string>
				<string>F4702A021A7F27DC00E30A3C</string>
				<string>F4702A031A7F27DC00E30A3C</string>
			</array>
			<key>buildRules</key>
			<array/>
			<key>dependencies</key>
			<array>
				<string>F4702A071A7F27DC00E30A3C</string>
			</array>
			<key>isa</key>
			<string>PBXNativeTarget</string>
			<key>name</key>
			<string>WSDAPPTests</string>
			<key>productName</key>
			<string>SidebarMenuTests</string>
			<key>productReference</key>
			<string>F4702A051A7F27DC00E30A3C</string>
			<key>productType</key>
			<string>com.apple.product-type.bundle.unit-test</string>
		</dict>
		<key>F4702A051A7F27DC00E30A3C</key>
		<dict>
			<key>explicitFileType</key>
			<string>wrapper.cfbundle</string>
			<key>includeInIndex</key>
			<string>0</string>
			<key>isa</key>
			<string>PBXFileReference</string>
			<key>path</key>
			<string>WSDAPP.xctest</string>
			<key>sourceTree</key>
			<string>BUILT_PRODUCTS_DIR</string>
		</dict>
		<key>F4702A061A7F27DC00E30A3C</key>
		<dict>
			<key>containerPortal</key>
			<string>F47029E81A7F27DB00E30A3C</string>
			<key>isa</key>
			<string>PBXContainerItemProxy</string>
			<key>proxyType</key>
			<string>1</string>
			<key>remoteGlobalIDString</key>
			<string>F47029EF1A7F27DB00E30A3C</string>
			<key>remoteInfo</key>
			<string>SidebarMenu</string>
		</dict>
		<key>F4702A071A7F27DC00E30A3C</key>
		<dict>
			<key>isa</key>
			<string>PBXTargetDependency</string>
			<key>target</key>
			<string>F47029EF1A7F27DB00E30A3C</string>
			<key>targetProxy</key>
			<string>F4702A061A7F27DC00E30A3C</string>
		</dict>
		<key>F4702A081A7F27DC00E30A3C</key>
		<dict>
			<key>children</key>
			<array>
				<string>F4702A0B1A7F27DC00E30A3C</string>
				<string>F4702A091A7F27DC00E30A3C</string>
			</array>
			<key>isa</key>
			<string>PBXGroup</string>
			<key>path</key>
			<string>SidebarMenuTests</string>
			<key>sourceTree</key>
			<string>&lt;group&gt;</string>
		</dict>
		<key>F4702A091A7F27DC00E30A3C</key>
		<dict>
			<key>children</key>
			<array>
				<string>F4702A0A1A7F27DC00E30A3C</string>
			</array>
			<key>isa</key>
			<string>PBXGroup</string>
			<key>name</key>
			<string>Supporting Files</string>
			<key>sourceTree</key>
			<string>&lt;group&gt;</string>
		</dict>
		<key>F4702A0A1A7F27DC00E30A3C</key>
		<dict>
			<key>isa</key>
			<string>PBXFileReference</string>
			<key>lastKnownFileType</key>
			<string>text.plist.xml</string>
			<key>path</key>
			<string>Info.plist</string>
			<key>sourceTree</key>
			<string>&lt;group&gt;</string>
		</dict>
		<key>F4702A0B1A7F27DC00E30A3C</key>
		<dict>
			<key>isa</key>
			<string>PBXFileReference</string>
			<key>lastKnownFileType</key>
			<string>sourcecode.swift</string>
			<key>path</key>
			<string>SidebarMenuTests.swift</string>
			<key>sourceTree</key>
			<string>&lt;group&gt;</string>
		</dict>
		<key>F4702A0C1A7F27DC00E30A3C</key>
		<dict>
			<key>fileRef</key>
			<string>F4702A0B1A7F27DC00E30A3C</string>
			<key>isa</key>
			<string>PBXBuildFile</string>
		</dict>
		<key>F4702A0D1A7F27DC00E30A3C</key>
		<dict>
			<key>buildSettings</key>
			<dict>
				<key>ALWAYS_SEARCH_USER_PATHS</key>
				<string>NO</string>
				<key>CLANG_CXX_LANGUAGE_STANDARD</key>
				<string>gnu++0x</string>
				<key>CLANG_CXX_LIBRARY</key>
				<string>libc++</string>
				<key>CLANG_ENABLE_MODULES</key>
				<string>YES</string>
				<key>CLANG_ENABLE_OBJC_ARC</key>
				<string>YES</string>
				<key>CLANG_WARN_BOOL_CONVERSION</key>
				<string>YES</string>
				<key>CLANG_WARN_CONSTANT_CONVERSION</key>
				<string>YES</string>
				<key>CLANG_WARN_DIRECT_OBJC_ISA_USAGE</key>
				<string>YES_ERROR</string>
				<key>CLANG_WARN_EMPTY_BODY</key>
				<string>YES</string>
				<key>CLANG_WARN_ENUM_CONVERSION</key>
				<string>YES</string>
				<key>CLANG_WARN_INT_CONVERSION</key>
				<string>YES</string>
				<key>CLANG_WARN_OBJC_ROOT_CLASS</key>
				<string>YES_ERROR</string>
				<key>CLANG_WARN_UNREACHABLE_CODE</key>
				<string>YES</string>
				<key>CLANG_WARN__DUPLICATE_METHOD_MATCH</key>
				<string>YES</string>
				<key>CODE_SIGN_IDENTITY[sdk=iphoneos*]</key>
				<string>iPhone Developer</string>
				<key>COPY_PHASE_STRIP</key>
				<string>NO</string>
				<key>ENABLE_STRICT_OBJC_MSGSEND</key>
				<string>YES</string>
				<key>ENABLE_TESTABILITY</key>
				<string>YES</string>
				<key>GCC_C_LANGUAGE_STANDARD</key>
				<string>gnu99</string>
				<key>GCC_DYNAMIC_NO_PIC</key>
				<string>NO</string>
				<key>GCC_OPTIMIZATION_LEVEL</key>
				<string>0</string>
				<key>GCC_PREPROCESSOR_DEFINITIONS</key>
				<array>
					<string>DEBUG=1</string>
					<string>$(inherited)</string>
				</array>
				<key>GCC_SYMBOLS_PRIVATE_EXTERN</key>
				<string>NO</string>
				<key>GCC_WARN_64_TO_32_BIT_CONVERSION</key>
				<string>YES</string>
				<key>GCC_WARN_ABOUT_RETURN_TYPE</key>
				<string>YES_ERROR</string>
				<key>GCC_WARN_UNDECLARED_SELECTOR</key>
				<string>YES</string>
				<key>GCC_WARN_UNINITIALIZED_AUTOS</key>
				<string>YES_AGGRESSIVE</string>
				<key>GCC_WARN_UNUSED_FUNCTION</key>
				<string>YES</string>
				<key>GCC_WARN_UNUSED_VARIABLE</key>
				<string>YES</string>
				<key>IPHONEOS_DEPLOYMENT_TARGET</key>
				<string>8.1</string>
				<key>MTL_ENABLE_DEBUG_INFO</key>
				<string>YES</string>
				<key>ONLY_ACTIVE_ARCH</key>
				<string>YES</string>
				<key>SDKROOT</key>
				<string>iphoneos</string>
				<key>SWIFT_OPTIMIZATION_LEVEL</key>
				<string>-Onone</string>
			</dict>
			<key>isa</key>
			<string>XCBuildConfiguration</string>
			<key>name</key>
			<string>Debug</string>
		</dict>
		<key>F4702A0E1A7F27DC00E30A3C</key>
		<dict>
			<key>buildSettings</key>
			<dict>
				<key>ALWAYS_SEARCH_USER_PATHS</key>
				<string>NO</string>
				<key>CLANG_CXX_LANGUAGE_STANDARD</key>
				<string>gnu++0x</string>
				<key>CLANG_CXX_LIBRARY</key>
				<string>libc++</string>
				<key>CLANG_ENABLE_MODULES</key>
				<string>YES</string>
				<key>CLANG_ENABLE_OBJC_ARC</key>
				<string>YES</string>
				<key>CLANG_WARN_BOOL_CONVERSION</key>
				<string>YES</string>
				<key>CLANG_WARN_CONSTANT_CONVERSION</key>
				<string>YES</string>
				<key>CLANG_WARN_DIRECT_OBJC_ISA_USAGE</key>
				<string>YES_ERROR</string>
				<key>CLANG_WARN_EMPTY_BODY</key>
				<string>YES</string>
				<key>CLANG_WARN_ENUM_CONVERSION</key>
				<string>YES</string>
				<key>CLANG_WARN_INT_CONVERSION</key>
				<string>YES</string>
				<key>CLANG_WARN_OBJC_ROOT_CLASS</key>
				<string>YES_ERROR</string>
				<key>CLANG_WARN_UNREACHABLE_CODE</key>
				<string>YES</string>
				<key>CLANG_WARN__DUPLICATE_METHOD_MATCH</key>
				<string>YES</string>
				<key>CODE_SIGN_IDENTITY[sdk=iphoneos*]</key>
				<string>iPhone Developer</string>
				<key>COPY_PHASE_STRIP</key>
				<string>YES</string>
				<key>ENABLE_NS_ASSERTIONS</key>
				<string>NO</string>
				<key>ENABLE_STRICT_OBJC_MSGSEND</key>
				<string>YES</string>
				<key>GCC_C_LANGUAGE_STANDARD</key>
				<string>gnu99</string>
				<key>GCC_WARN_64_TO_32_BIT_CONVERSION</key>
				<string>YES</string>
				<key>GCC_WARN_ABOUT_RETURN_TYPE</key>
				<string>YES_ERROR</string>
				<key>GCC_WARN_UNDECLARED_SELECTOR</key>
				<string>YES</string>
				<key>GCC_WARN_UNINITIALIZED_AUTOS</key>
				<string>YES_AGGRESSIVE</string>
				<key>GCC_WARN_UNUSED_FUNCTION</key>
				<string>YES</string>
				<key>GCC_WARN_UNUSED_VARIABLE</key>
				<string>YES</string>
				<key>IPHONEOS_DEPLOYMENT_TARGET</key>
				<string>8.1</string>
				<key>MTL_ENABLE_DEBUG_INFO</key>
				<string>NO</string>
				<key>SDKROOT</key>
				<string>iphoneos</string>
				<key>VALIDATE_PRODUCT</key>
				<string>YES</string>
			</dict>
			<key>isa</key>
			<string>XCBuildConfiguration</string>
			<key>name</key>
			<string>Release</string>
		</dict>
		<key>F4702A0F1A7F27DC00E30A3C</key>
		<dict>
			<key>buildConfigurations</key>
			<array>
				<string>F4702A101A7F27DC00E30A3C</string>
				<string>F4702A111A7F27DC00E30A3C</string>
			</array>
			<key>defaultConfigurationIsVisible</key>
			<string>0</string>
			<key>defaultConfigurationName</key>
			<string>Release</string>
			<key>isa</key>
			<string>XCConfigurationList</string>
		</dict>
		<key>F4702A101A7F27DC00E30A3C</key>
		<dict>
			<key>baseConfigurationReference</key>
			<string>7AED8E5431C65EEF605F63B2</string>
			<key>buildSettings</key>
			<dict>
				<key>ASSETCATALOG_COMPILER_APPICON_NAME</key>
				<string>AppIcon</string>
				<key>CLANG_ENABLE_MODULES</key>
				<string>YES</string>
				<key>CODE_SIGN_IDENTITY</key>
				<string>iPhone Developer</string>
				<key>CODE_SIGN_IDENTITY[sdk=iphoneos*]</key>
				<string>iPhone Developer</string>
				<key>FRAMEWORK_SEARCH_PATHS</key>
				<array>
					<string>$(inherited)</string>
					<string>$(PROJECT_DIR)/Pods/Rollout.io/Rollout</string>
				</array>
				<key>INFOPLIST_FILE</key>
				<string>SidebarMenu/Info.plist</string>
				<key>IPHONEOS_DEPLOYMENT_TARGET</key>
				<string>9.0</string>
				<key>LD_RUNPATH_SEARCH_PATHS</key>
				<string>$(inherited) @executable_path/Frameworks</string>
				<key>PRODUCT_BUNDLE_IDENTIFIER</key>
				<string>com.lampserv.wsd</string>
				<key>PRODUCT_NAME</key>
				<string>WSDAPP</string>
				<key>PROVISIONING_PROFILE</key>
				<string></string>
				<key>SWIFT_OBJC_BRIDGING_HEADER</key>
				<string>SidebarMenu/SidebarMenu-Bridging-Header.h</string>
				<key>SWIFT_OPTIMIZATION_LEVEL</key>
				<string>-Onone</string>
				<key>TARGETED_DEVICE_FAMILY</key>
				<string>1,2</string>
			</dict>
			<key>isa</key>
			<string>XCBuildConfiguration</string>
			<key>name</key>
			<string>Debug</string>
		</dict>
		<key>F4702A111A7F27DC00E30A3C</key>
		<dict>
			<key>baseConfigurationReference</key>
			<string>F6D1F7D42142063429B51370</string>
			<key>buildSettings</key>
			<dict>
				<key>ASSETCATALOG_COMPILER_APPICON_NAME</key>
				<string>AppIcon</string>
				<key>CLANG_ENABLE_MODULES</key>
				<string>YES</string>
				<key>CODE_SIGN_IDENTITY</key>
				<string>iPhone Developer</string>
				<key>CODE_SIGN_IDENTITY[sdk=iphoneos*]</key>
				<string>iPhone Developer</string>
				<key>FRAMEWORK_SEARCH_PATHS</key>
				<array>
					<string>$(inherited)</string>
					<string>$(PROJECT_DIR)/Pods/Rollout.io/Rollout</string>
				</array>
				<key>INFOPLIST_FILE</key>
				<string>SidebarMenu/Info.plist</string>
				<key>IPHONEOS_DEPLOYMENT_TARGET</key>
				<string>9.0</string>
				<key>LD_RUNPATH_SEARCH_PATHS</key>
				<string>$(inherited) @executable_path/Frameworks</string>
				<key>PRODUCT_BUNDLE_IDENTIFIER</key>
				<string>com.lampserv.wsd</string>
				<key>PRODUCT_NAME</key>
				<string>WSDAPP</string>
				<key>PROVISIONING_PROFILE</key>
				<string></string>
				<key>SWIFT_OBJC_BRIDGING_HEADER</key>
				<string>SidebarMenu/SidebarMenu-Bridging-Header.h</string>
				<key>TARGETED_DEVICE_FAMILY</key>
				<string>1,2</string>
			</dict>
			<key>isa</key>
			<string>XCBuildConfiguration</string>
			<key>name</key>
			<string>Release</string>
		</dict>
		<key>F4702A121A7F27DC00E30A3C</key>
		<dict>
			<key>buildConfigurations</key>
			<array>
				<string>F4702A131A7F27DC00E30A3C</string>
				<string>F4702A141A7F27DC00E30A3C</string>
			</array>
			<key>defaultConfigurationIsVisible</key>
			<string>0</string>
			<key>defaultConfigurationName</key>
			<string>Release</string>
			<key>isa</key>
			<string>XCConfigurationList</string>
		</dict>
		<key>F4702A131A7F27DC00E30A3C</key>
		<dict>
			<key>buildSettings</key>
			<dict>
				<key>BUNDLE_LOADER</key>
				<string>$(TEST_HOST)</string>
				<key>FRAMEWORK_SEARCH_PATHS</key>
				<array>
					<string>$(SDKROOT)/Developer/Library/Frameworks</string>
					<string>$(inherited)</string>
					<string>Rollout-ios-SDK/Rollout</string>
					<string>Rollout-ios-SDK/Rollout</string>
				</array>
				<key>GCC_PREPROCESSOR_DEFINITIONS</key>
				<array>
					<string>DEBUG=1</string>
					<string>$(inherited)</string>
				</array>
				<key>INFOPLIST_FILE</key>
				<string>SidebarMenuTests/Info.plist</string>
				<key>LD_RUNPATH_SEARCH_PATHS</key>
				<string>$(inherited) @executable_path/Frameworks @loader_path/Frameworks</string>
				<key>PRODUCT_BUNDLE_IDENTIFIER</key>
				<string>com.appcoda.$(PRODUCT_NAME:rfc1034identifier)</string>
				<key>PRODUCT_NAME</key>
				<string>WSDAPP</string>
				<key>TEST_HOST</key>
				<string>$(BUILT_PRODUCTS_DIR)/WSDAPP.app/WSDAPP</string>
			</dict>
			<key>isa</key>
			<string>XCBuildConfiguration</string>
			<key>name</key>
			<string>Debug</string>
		</dict>
		<key>F4702A141A7F27DC00E30A3C</key>
		<dict>
			<key>buildSettings</key>
			<dict>
				<key>BUNDLE_LOADER</key>
				<string>$(TEST_HOST)</string>
				<key>FRAMEWORK_SEARCH_PATHS</key>
				<array>
					<string>$(SDKROOT)/Developer/Library/Frameworks</string>
					<string>$(inherited)</string>
					<string>Rollout-ios-SDK/Rollout</string>
					<string>Rollout-ios-SDK/Rollout</string>
				</array>
				<key>INFOPLIST_FILE</key>
				<string>SidebarMenuTests/Info.plist</string>
				<key>LD_RUNPATH_SEARCH_PATHS</key>
				<string>$(inherited) @executable_path/Frameworks @loader_path/Frameworks</string>
				<key>PRODUCT_BUNDLE_IDENTIFIER</key>
				<string>com.appcoda.$(PRODUCT_NAME:rfc1034identifier)</string>
				<key>PRODUCT_NAME</key>
				<string>WSDAPP</string>
				<key>TEST_HOST</key>
				<string>$(BUILT_PRODUCTS_DIR)/WSDAPP.app/WSDAPP</string>
			</dict>
			<key>isa</key>
			<string>XCBuildConfiguration</string>
			<key>name</key>
			<string>Release</string>
		</dict>
		<key>F4702A151A7F342F00E30A3C</key>
		<dict>
			<key>isa</key>
			<string>PBXFileReference</string>
			<key>lastKnownFileType</key>
			<string>wrapper.framework</string>
			<key>name</key>
			<string>MapKit.framework</string>
			<key>path</key>
			<string>System/Library/Frameworks/MapKit.framework</string>
			<key>sourceTree</key>
			<string>SDKROOT</string>
		</dict>
		<key>F4702A161A7F342F00E30A3C</key>
		<dict>
			<key>fileRef</key>
			<string>F4702A151A7F342F00E30A3C</string>
			<key>isa</key>
			<string>PBXBuildFile</string>
		</dict>
		<key>F4702A171A7F351C00E30A3C</key>
		<dict>
			<key>fileEncoding</key>
			<string>4</string>
			<key>isa</key>
			<string>PBXFileReference</string>
			<key>lastKnownFileType</key>
			<string>sourcecode.swift</string>
			<key>path</key>
			<string>MenuController.swift</string>
			<key>sourceTree</key>
			<string>&lt;group&gt;</string>
		</dict>
		<key>F4702A181A7F351C00E30A3C</key>
		<dict>
			<key>fileRef</key>
			<string>F4702A171A7F351C00E30A3C</string>
			<key>isa</key>
			<string>PBXBuildFile</string>
		</dict>
		<key>F6D1F7D42142063429B51370</key>
		<dict>
			<key>includeInIndex</key>
			<string>1</string>
			<key>isa</key>
			<string>PBXFileReference</string>
			<key>lastKnownFileType</key>
			<string>text.xcconfig</string>
			<key>name</key>
			<string>Pods.release.xcconfig</string>
			<key>path</key>
			<string>Pods/Target Support Files/Pods/Pods.release.xcconfig</string>
			<key>sourceTree</key>
			<string>&lt;group&gt;</string>
		</dict>
		<key>F99C06679C9A49CF84FA3D96</key>
		<dict>
			<key>isa</key>
			<string>PBXFileReference</string>
			<key>lastKnownFileType</key>
			<string>wrapper.framework</string>
			<key>name</key>
			<string>JavaScriptCore.framework</string>
			<key>path</key>
			<string>System/Library/Frameworks/JavaScriptCore.framework</string>
			<key>sourceTree</key>
			<string>SDKROOT</string>
		</dict>
	</dict>
	<key>rootObject</key>
	<string>F47029E81A7F27DB00E30A3C</string>
</dict>
</plist>
