// !$*UTF8*$!
{
	archiveVersion = 1;
	classes = {
	};
	objectVersion = 46;
	objects = {

/* Begin PBXBuildFile section */
		3FD131505F870892CA616E65 /* Pods_WSDAPP.framework in Frameworks */ = {isa = PBXBuildFile; fileRef = BCA09DE620C68995D6DECFC2 /* Pods_WSDAPP.framework */; };
		92194AB91C7EC6B70003DB42 /* RssRecord.swift in Sources */ = {isa = PBXBuildFile; fileRef = 92194AB81C7EC6B70003DB42 /* RssRecord.swift */; };
		92194ABB1C7EC6C40003DB42 /* Common.swift in Sources */ = {isa = PBXBuildFile; fileRef = 92194ABA1C7EC6C40003DB42 /* Common.swift */; };
		92194ABE1C7EC6E80003DB42 /* DetailsViewController.swift in Sources */ = {isa = PBXBuildFile; fileRef = 92194ABC1C7EC6E80003DB42 /* DetailsViewController.swift */; };
		92194ABF1C7EC6E80003DB42 /* ListViewController.swift in Sources */ = {isa = PBXBuildFile; fileRef = 92194ABD1C7EC6E80003DB42 /* ListViewController.swift */; };
		924061D81C8A538200162349 /* TestCalDetailsViewController.swift in Sources */ = {isa = PBXBuildFile; fileRef = 924061D71C8A538200162349 /* TestCalDetailsViewController.swift */; };
		924061DF1C8A55FD00162349 /* CalCommon.swift in Sources */ = {isa = PBXBuildFile; fileRef = 924061DE1C8A55FD00162349 /* CalCommon.swift */; };
		924061E11C98E7C600162349 /* FlexiSCHEDViewController.swift in Sources */ = {isa = PBXBuildFile; fileRef = 924061E01C98E7C600162349 /* FlexiSCHEDViewController.swift */; };
		926399541C7D7D980017B7A6 /* Main.storyboard in Resources */ = {isa = PBXBuildFile; fileRef = 926399531C7D7D980017B7A6 /* Main.storyboard */; };
		926DD3D71C81518F005A4FEB /* TestCalViewController.swift in Sources */ = {isa = PBXBuildFile; fileRef = 926DD3D61C81518F005A4FEB /* TestCalViewController.swift */; };
		92AB0D7C1C7D7D7D0030C3D1 /* WSDAPP.xcworkspace in Resources */ = {isa = PBXBuildFile; fileRef = 92AB0D7B1C7D7D7D0030C3D1 /* WSDAPP.xcworkspace */; };
		92D055CA1C76E59300CBEEC0 /* SWRevealViewController.m in Sources */ = {isa = PBXBuildFile; fileRef = 92D055C91C76E59300CBEEC0 /* SWRevealViewController.m */; };
		92D055CC1C780FC000CBEEC0 /* CalendarViewController.swift in Sources */ = {isa = PBXBuildFile; fileRef = 92D055CB1C780FC000CBEEC0 /* CalendarViewController.swift */; };
		92D055CE1C78218A00CBEEC0 /* AlertViewController.swift in Sources */ = {isa = PBXBuildFile; fileRef = 92D055CD1C78218A00CBEEC0 /* AlertViewController.swift */; };
		92D1EB4E1C78380600C39B1D /* LunchViewController.swift in Sources */ = {isa = PBXBuildFile; fileRef = 92D1EB4D1C78380600C39B1D /* LunchViewController.swift */; };
		92D1EB511C78385F00C39B1D /* HomeViewController.swift in Sources */ = {isa = PBXBuildFile; fileRef = 92D1EB4F1C78385F00C39B1D /* HomeViewController.swift */; };
		92D1EB521C78385F00C39B1D /* SkywardViewController.swift in Sources */ = {isa = PBXBuildFile; fileRef = 92D1EB501C78385F00C39B1D /* SkywardViewController.swift */; };
		92D1EB541C7840F400C39B1D /* WebKit.framework in Frameworks */ = {isa = PBXBuildFile; fileRef = 92D1EB531C7840F400C39B1D /* WebKit.framework */; };
		92D1EB561C7840FE00C39B1D /* UIKit.framework in Frameworks */ = {isa = PBXBuildFile; fileRef = 92D1EB551C7840FE00C39B1D /* UIKit.framework */; };
		92D1EB581C79391900C39B1D /* AboutViewController.swift in Sources */ = {isa = PBXBuildFile; fileRef = 92D1EB571C79391900C39B1D /* AboutViewController.swift */; };
		A0D8138A6CCEA404B73FBA34 /* RolloutSwiftInjectionBridge.swift in Sources */ = {isa = PBXBuildFile; fileRef = B6C387E8CA29E7483EBB0D49 /* RolloutSwiftInjectionBridge.swift */; };
		A5380971B060FC208A8F6A09 /* Pods_WSDAPPTests.framework in Frameworks */ = {isa = PBXBuildFile; fileRef = 250ED645CF6607A964E3E672 /* Pods_WSDAPPTests.framework */; };
		AF6A5B6220AB4B69917CB07F /* JavaScriptCore.framework in Frameworks */ = {isa = PBXBuildFile; fileRef = F99C06679C9A49CF84FA3D96 /* JavaScriptCore.framework */; settings = {ATTRIBUTES = (Weak, ); }; };
		BF2FC57DB701CB4908DECBEF /* RolloutGenerated.swift in Sources */ = {isa = PBXBuildFile; fileRef = 36BAD4A53DFFEFFFD9F3252D /* RolloutGenerated.swift */; };
		F47029F61A7F27DB00E30A3C /* AppDelegate.swift in Sources */ = {isa = PBXBuildFile; fileRef = F47029F51A7F27DB00E30A3C /* AppDelegate.swift */; };
		F47029FD1A7F27DB00E30A3C /* Images.xcassets in Resources */ = {isa = PBXBuildFile; fileRef = F47029FC1A7F27DB00E30A3C /* Images.xcassets */; };
		F4702A001A7F27DC00E30A3C /* LaunchScreen.xib in Resources */ = {isa = PBXBuildFile; fileRef = F47029FE1A7F27DB00E30A3C /* LaunchScreen.xib */; };
		F4702A0C1A7F27DC00E30A3C /* SidebarMenuTests.swift in Sources */ = {isa = PBXBuildFile; fileRef = F4702A0B1A7F27DC00E30A3C /* SidebarMenuTests.swift */; };
		F4702A161A7F342F00E30A3C /* MapKit.framework in Frameworks */ = {isa = PBXBuildFile; fileRef = F4702A151A7F342F00E30A3C /* MapKit.framework */; };
		F4702A181A7F351C00E30A3C /* MenuController.swift in Sources */ = {isa = PBXBuildFile; fileRef = F4702A171A7F351C00E30A3C /* MenuController.swift */; };
/* End PBXBuildFile section */

/* Begin PBXContainerItemProxy section */
		F4702A061A7F27DC00E30A3C /* PBXContainerItemProxy */ = {
			isa = PBXContainerItemProxy;
			containerPortal = F47029E81A7F27DB00E30A3C /* Project object */;
			proxyType = 1;
			remoteGlobalIDString = F47029EF1A7F27DB00E30A3C;
			remoteInfo = SidebarMenu;
		};
/* End PBXContainerItemProxy section */

/* Begin PBXFileReference section */
		250ED645CF6607A964E3E672 /* Pods_WSDAPPTests.framework */ = {isa = PBXFileReference; explicitFileType = wrapper.framework; includeInIndex = 0; path = Pods_WSDAPPTests.framework; sourceTree = BUILT_PRODUCTS_DIR; };
		36BAD4A53DFFEFFFD9F3252D /* RolloutGenerated.swift */ = {isa = PBXFileReference; fileEncoding = 4; lastKnownFileType = sourcecode.swift; name = RolloutGenerated.swift; path = Pods/Rollout.io/RolloutSwift/RolloutGenerated.swift; sourceTree = "<group>"; };
		84A1C42A1457D6515540FD35 /* Pods-WSDAPPTests.release.xcconfig */ = {isa = PBXFileReference; includeInIndex = 1; lastKnownFileType = text.xcconfig; name = "Pods-WSDAPPTests.release.xcconfig"; path = "Pods/Target Support Files/Pods-WSDAPPTests/Pods-WSDAPPTests.release.xcconfig"; sourceTree = "<group>"; };
		92194AB81C7EC6B70003DB42 /* RssRecord.swift */ = {isa = PBXFileReference; fileEncoding = 4; lastKnownFileType = sourcecode.swift; path = RssRecord.swift; sourceTree = "<group>"; };
		92194ABA1C7EC6C40003DB42 /* Common.swift */ = {isa = PBXFileReference; fileEncoding = 4; lastKnownFileType = sourcecode.swift; path = Common.swift; sourceTree = "<group>"; };
		92194ABC1C7EC6E80003DB42 /* DetailsViewController.swift */ = {isa = PBXFileReference; fileEncoding = 4; lastKnownFileType = sourcecode.swift; path = DetailsViewController.swift; sourceTree = "<group>"; };
		92194ABD1C7EC6E80003DB42 /* ListViewController.swift */ = {isa = PBXFileReference; fileEncoding = 4; lastKnownFileType = sourcecode.swift; path = ListViewController.swift; sourceTree = "<group>"; };
		921EDC471C7ECD090052FED1 /* Rollout.framework */ = {isa = PBXFileReference; lastKnownFileType = wrapper.framework; name = Rollout.framework; path = Pods/Rollout.io/Rollout/Rollout.framework; sourceTree = "<group>"; };
		924061D71C8A538200162349 /* TestCalDetailsViewController.swift */ = {isa = PBXFileReference; fileEncoding = 4; lastKnownFileType = sourcecode.swift; path = TestCalDetailsViewController.swift; sourceTree = "<group>"; };
		924061DE1C8A55FD00162349 /* CalCommon.swift */ = {isa = PBXFileReference; fileEncoding = 4; lastKnownFileType = sourcecode.swift; path = CalCommon.swift; sourceTree = "<group>"; };
		924061E01C98E7C600162349 /* FlexiSCHEDViewController.swift */ = {isa = PBXFileReference; fileEncoding = 4; lastKnownFileType = sourcecode.swift; path = FlexiSCHEDViewController.swift; sourceTree = "<group>"; };
		926399531C7D7D980017B7A6 /* Main.storyboard */ = {isa = PBXFileReference; fileEncoding = 4; lastKnownFileType = file.storyboard; path = Main.storyboard; sourceTree = SOURCE_ROOT; };
		926DD3D61C81518F005A4FEB /* TestCalViewController.swift */ = {isa = PBXFileReference; fileEncoding = 4; lastKnownFileType = sourcecode.swift; path = TestCalViewController.swift; sourceTree = "<group>"; };
		92AB0D7B1C7D7D7D0030C3D1 /* WSDAPP.xcworkspace */ = {isa = PBXFileReference; lastKnownFileType = wrapper.workspace; path = WSDAPP.xcworkspace; sourceTree = SOURCE_ROOT; };
		92D055C41C76B80A00CBEEC0 /* SidebarMenu-Bridging-Header.h */ = {isa = PBXFileReference; lastKnownFileType = sourcecode.c.h; path = "SidebarMenu-Bridging-Header.h"; sourceTree = "<group>"; };
		92D055C81C76E59300CBEEC0 /* SWRevealViewController.h */ = {isa = PBXFileReference; fileEncoding = 4; lastKnownFileType = sourcecode.c.h; path = SWRevealViewController.h; sourceTree = SOURCE_ROOT; };
		92D055C91C76E59300CBEEC0 /* SWRevealViewController.m */ = {isa = PBXFileReference; fileEncoding = 4; lastKnownFileType = sourcecode.c.objc; path = SWRevealViewController.m; sourceTree = SOURCE_ROOT; };
		92D055CB1C780FC000CBEEC0 /* CalendarViewController.swift */ = {isa = PBXFileReference; fileEncoding = 4; lastKnownFileType = sourcecode.swift; path = CalendarViewController.swift; sourceTree = "<group>"; };
		92D055CD1C78218A00CBEEC0 /* AlertViewController.swift */ = {isa = PBXFileReference; fileEncoding = 4; lastKnownFileType = sourcecode.swift; path = AlertViewController.swift; sourceTree = "<group>"; };
		92D1EB4D1C78380600C39B1D /* LunchViewController.swift */ = {isa = PBXFileReference; fileEncoding = 4; lastKnownFileType = sourcecode.swift; path = LunchViewController.swift; sourceTree = "<group>"; };
		92D1EB4F1C78385F00C39B1D /* HomeViewController.swift */ = {isa = PBXFileReference; fileEncoding = 4; lastKnownFileType = sourcecode.swift; path = HomeViewController.swift; sourceTree = "<group>"; };
		92D1EB501C78385F00C39B1D /* SkywardViewController.swift */ = {isa = PBXFileReference; fileEncoding = 4; lastKnownFileType = sourcecode.swift; path = SkywardViewController.swift; sourceTree = "<group>"; };
		92D1EB531C7840F400C39B1D /* WebKit.framework */ = {isa = PBXFileReference; lastKnownFileType = wrapper.framework; name = WebKit.framework; path = System/Library/Frameworks/WebKit.framework; sourceTree = SDKROOT; };
		92D1EB551C7840FE00C39B1D /* UIKit.framework */ = {isa = PBXFileReference; lastKnownFileType = wrapper.framework; name = UIKit.framework; path = System/Library/Frameworks/UIKit.framework; sourceTree = SDKROOT; };
		92D1EB571C79391900C39B1D /* AboutViewController.swift */ = {isa = PBXFileReference; fileEncoding = 4; lastKnownFileType = sourcecode.swift; path = AboutViewController.swift; sourceTree = "<group>"; };
		AF84C7FE28D4DD8F2AE1C607 /* Pods.framework */ = {isa = PBXFileReference; explicitFileType = wrapper.framework; includeInIndex = 0; path = Pods.framework; sourceTree = BUILT_PRODUCTS_DIR; };
		B6C387E8CA29E7483EBB0D49 /* RolloutSwiftInjectionBridge.swift */ = {isa = PBXFileReference; fileEncoding = 4; lastKnownFileType = sourcecode.swift; name = RolloutSwiftInjectionBridge.swift; path = Pods/Rollout.io/RolloutSwift/RolloutSwiftInjectionBridge.swift; sourceTree = "<group>"; };
		BCA09DE620C68995D6DECFC2 /* Pods_WSDAPP.framework */ = {isa = PBXFileReference; explicitFileType = wrapper.framework; includeInIndex = 0; path = Pods_WSDAPP.framework; sourceTree = BUILT_PRODUCTS_DIR; };
		C2B5CC1CEB72FEA3A13F93C2 /* Pods-WSDAPP.release.xcconfig */ = {isa = PBXFileReference; includeInIndex = 1; lastKnownFileType = text.xcconfig; name = "Pods-WSDAPP.release.xcconfig"; path = "Pods/Target Support Files/Pods-WSDAPP/Pods-WSDAPP.release.xcconfig"; sourceTree = "<group>"; };
		D19404E3342501598E85298D /* Pods-WSDAPP.debug.xcconfig */ = {isa = PBXFileReference; includeInIndex = 1; lastKnownFileType = text.xcconfig; name = "Pods-WSDAPP.debug.xcconfig"; path = "Pods/Target Support Files/Pods-WSDAPP/Pods-WSDAPP.debug.xcconfig"; sourceTree = "<group>"; };
		DC3AE5C83D66AEE9E6D53E94 /* Pods-WSDAPPTests.debug.xcconfig */ = {isa = PBXFileReference; includeInIndex = 1; lastKnownFileType = text.xcconfig; name = "Pods-WSDAPPTests.debug.xcconfig"; path = "Pods/Target Support Files/Pods-WSDAPPTests/Pods-WSDAPPTests.debug.xcconfig"; sourceTree = "<group>"; };
		F47029F01A7F27DB00E30A3C /* WSDAPP.app */ = {isa = PBXFileReference; explicitFileType = wrapper.application; includeInIndex = 0; path = WSDAPP.app; sourceTree = BUILT_PRODUCTS_DIR; };
		F47029F41A7F27DB00E30A3C /* Info.plist */ = {isa = PBXFileReference; lastKnownFileType = text.plist.xml; path = Info.plist; sourceTree = "<group>"; };
		F47029F51A7F27DB00E30A3C /* AppDelegate.swift */ = {isa = PBXFileReference; lastKnownFileType = sourcecode.swift; path = AppDelegate.swift; sourceTree = "<group>"; };
		F47029FC1A7F27DB00E30A3C /* Images.xcassets */ = {isa = PBXFileReference; lastKnownFileType = folder.assetcatalog; path = Images.xcassets; sourceTree = "<group>"; };
		F47029FF1A7F27DB00E30A3C /* Base */ = {isa = PBXFileReference; lastKnownFileType = file.xib; name = Base; path = Base.lproj/LaunchScreen.xib; sourceTree = "<group>"; };
		F4702A051A7F27DC00E30A3C /* WSDAPP.xctest */ = {isa = PBXFileReference; explicitFileType = wrapper.cfbundle; includeInIndex = 0; path = WSDAPP.xctest; sourceTree = BUILT_PRODUCTS_DIR; };
		F4702A0A1A7F27DC00E30A3C /* Info.plist */ = {isa = PBXFileReference; lastKnownFileType = text.plist.xml; path = Info.plist; sourceTree = "<group>"; };
		F4702A0B1A7F27DC00E30A3C /* SidebarMenuTests.swift */ = {isa = PBXFileReference; lastKnownFileType = sourcecode.swift; path = SidebarMenuTests.swift; sourceTree = "<group>"; };
		F4702A151A7F342F00E30A3C /* MapKit.framework */ = {isa = PBXFileReference; lastKnownFileType = wrapper.framework; name = MapKit.framework; path = System/Library/Frameworks/MapKit.framework; sourceTree = SDKROOT; };
		F4702A171A7F351C00E30A3C /* MenuController.swift */ = {isa = PBXFileReference; fileEncoding = 4; lastKnownFileType = sourcecode.swift; path = MenuController.swift; sourceTree = "<group>"; };
		F99C06679C9A49CF84FA3D96 /* JavaScriptCore.framework */ = {isa = PBXFileReference; lastKnownFileType = wrapper.framework; name = JavaScriptCore.framework; path = System/Library/Frameworks/JavaScriptCore.framework; sourceTree = SDKROOT; };
/* End PBXFileReference section */

/* Begin PBXFrameworksBuildPhase section */
		F47029ED1A7F27DB00E30A3C /* Frameworks */ = {
			isa = PBXFrameworksBuildPhase;
			buildActionMask = 2147483647;
			files = (
				92D1EB561C7840FE00C39B1D /* UIKit.framework in Frameworks */,
				92D1EB541C7840F400C39B1D /* WebKit.framework in Frameworks */,
				F4702A161A7F342F00E30A3C /* MapKit.framework in Frameworks */,
				AF6A5B6220AB4B69917CB07F /* JavaScriptCore.framework in Frameworks */,
				3FD131505F870892CA616E65 /* Pods_WSDAPP.framework in Frameworks */,
			);
			runOnlyForDeploymentPostprocessing = 0;
		};
		F4702A021A7F27DC00E30A3C /* Frameworks */ = {
			isa = PBXFrameworksBuildPhase;
			buildActionMask = 2147483647;
			files = (
				A5380971B060FC208A8F6A09 /* Pods_WSDAPPTests.framework in Frameworks */,
			);
			runOnlyForDeploymentPostprocessing = 0;
		};
/* End PBXFrameworksBuildPhase section */

/* Begin PBXGroup section */
		6097002AE22B38DBD45CB976 /* Pods */ = {
			isa = PBXGroup;
			children = (
				D19404E3342501598E85298D /* Pods-WSDAPP.debug.xcconfig */,
				C2B5CC1CEB72FEA3A13F93C2 /* Pods-WSDAPP.release.xcconfig */,
				DC3AE5C83D66AEE9E6D53E94 /* Pods-WSDAPPTests.debug.xcconfig */,
				84A1C42A1457D6515540FD35 /* Pods-WSDAPPTests.release.xcconfig */,
			);
			name = Pods;
			sourceTree = "<group>";
		};
		7FAB006D52D04539974694A3 /* Frameworks */ = {
			isa = PBXGroup;
			children = (
				921EDC471C7ECD090052FED1 /* Rollout.framework */,
				F99C06679C9A49CF84FA3D96 /* JavaScriptCore.framework */,
				AF84C7FE28D4DD8F2AE1C607 /* Pods.framework */,
				BCA09DE620C68995D6DECFC2 /* Pods_WSDAPP.framework */,
				250ED645CF6607A964E3E672 /* Pods_WSDAPPTests.framework */,
			);
			name = Frameworks;
			sourceTree = "<group>";
		};
		E9F5BCD2E4354006CD5B4E5F /* Rollout */ = {
			isa = PBXGroup;
			children = (
				36BAD4A53DFFEFFFD9F3252D /* RolloutGenerated.swift */,
				B6C387E8CA29E7483EBB0D49 /* RolloutSwiftInjectionBridge.swift */,
			);
			name = Rollout;
			sourceTree = "<group>";
		};
		F47029E71A7F27DB00E30A3C = {
			isa = PBXGroup;
			children = (
				92D1EB551C7840FE00C39B1D /* UIKit.framework */,
				92D1EB531C7840F400C39B1D /* WebKit.framework */,
				F4702A151A7F342F00E30A3C /* MapKit.framework */,
				F47029F21A7F27DB00E30A3C /* WSDAPP */,
				F4702A081A7F27DC00E30A3C /* SidebarMenuTests */,
				F47029F11A7F27DB00E30A3C /* Products */,
				7FAB006D52D04539974694A3 /* Frameworks */,
				6097002AE22B38DBD45CB976 /* Pods */,
				E9F5BCD2E4354006CD5B4E5F /* Rollout */,
			);
			sourceTree = "<group>";
		};
		F47029F11A7F27DB00E30A3C /* Products */ = {
			isa = PBXGroup;
			children = (
				F47029F01A7F27DB00E30A3C /* WSDAPP.app */,
				F4702A051A7F27DC00E30A3C /* WSDAPP.xctest */,
			);
			name = Products;
			sourceTree = "<group>";
		};
		F47029F21A7F27DB00E30A3C /* WSDAPP */ = {
			isa = PBXGroup;
			children = (
				92D055C81C76E59300CBEEC0 /* SWRevealViewController.h */,
				92D055C91C76E59300CBEEC0 /* SWRevealViewController.m */,
				F47029F51A7F27DB00E30A3C /* AppDelegate.swift */,
				F47029FC1A7F27DB00E30A3C /* Images.xcassets */,
				926399531C7D7D980017B7A6 /* Main.storyboard */,
				92AB0D7B1C7D7D7D0030C3D1 /* WSDAPP.xcworkspace */,
				F47029FE1A7F27DB00E30A3C /* LaunchScreen.xib */,
				F47029F31A7F27DB00E30A3C /* Supporting Files */,
				F4702A171A7F351C00E30A3C /* MenuController.swift */,
				92D1EB4F1C78385F00C39B1D /* HomeViewController.swift */,
				92D1EB4D1C78380600C39B1D /* LunchViewController.swift */,
				92D055CB1C780FC000CBEEC0 /* CalendarViewController.swift */,
				92D1EB501C78385F00C39B1D /* SkywardViewController.swift */,
				92D055CD1C78218A00CBEEC0 /* AlertViewController.swift */,
				92D1EB571C79391900C39B1D /* AboutViewController.swift */,
				92194AB81C7EC6B70003DB42 /* RssRecord.swift */,
				92194ABA1C7EC6C40003DB42 /* Common.swift */,
				92194ABD1C7EC6E80003DB42 /* ListViewController.swift */,
				92194ABC1C7EC6E80003DB42 /* DetailsViewController.swift */,
				924061DE1C8A55FD00162349 /* CalCommon.swift */,
				926DD3D61C81518F005A4FEB /* TestCalViewController.swift */,
				924061D71C8A538200162349 /* TestCalDetailsViewController.swift */,
				92D055C41C76B80A00CBEEC0 /* SidebarMenu-Bridging-Header.h */,
				924061E01C98E7C600162349 /* FlexiSCHEDViewController.swift */,
			);
			name = WSDAPP;
			path = SidebarMenu;
			sourceTree = "<group>";
		};
		F47029F31A7F27DB00E30A3C /* Supporting Files */ = {
			isa = PBXGroup;
			children = (
				F47029F41A7F27DB00E30A3C /* Info.plist */,
			);
			name = "Supporting Files";
			sourceTree = "<group>";
		};
		F4702A081A7F27DC00E30A3C /* SidebarMenuTests */ = {
			isa = PBXGroup;
			children = (
				F4702A0B1A7F27DC00E30A3C /* SidebarMenuTests.swift */,
				F4702A091A7F27DC00E30A3C /* Supporting Files */,
			);
			path = SidebarMenuTests;
			sourceTree = "<group>";
		};
		F4702A091A7F27DC00E30A3C /* Supporting Files */ = {
			isa = PBXGroup;
			children = (
				F4702A0A1A7F27DC00E30A3C /* Info.plist */,
			);
			name = "Supporting Files";
			sourceTree = "<group>";
		};
/* End PBXGroup section */

/* Begin PBXNativeTarget section */
		F47029EF1A7F27DB00E30A3C /* WSDAPP */ = {
			isa = PBXNativeTarget;
			buildConfigurationList = F4702A0F1A7F27DC00E30A3C /* Build configuration list for PBXNativeTarget "WSDAPP" */;
			buildPhases = (
				E7D10A9F951A1FA88582DCDF /* Rollout.io pre-build */,
				10400A6DB0F5BF3831F3A2B2 /* [CP] Check Pods Manifest.lock */,
				F47029EC1A7F27DB00E30A3C /* Sources */,
				F47029ED1A7F27DB00E30A3C /* Frameworks */,
				F47029EE1A7F27DB00E30A3C /* Resources */,
				92194AC01C7EC85B0003DB42 /* ShellScript */,
				2B13C68F59CBED8618EC8A9C /* [CP] Embed Pods Frameworks */,
				DFD30E5C2CBC855AF449D104 /* [CP] Copy Pods Resources */,
				8C6097A90DD00FEC770E5EC1 /* Rollout.io post-build */,
			);
			buildRules = (
			);
			dependencies = (
			);
			name = WSDAPP;
			productName = SidebarMenu;
			productReference = F47029F01A7F27DB00E30A3C /* WSDAPP.app */;
			productType = "com.apple.product-type.application";
		};
		F4702A041A7F27DC00E30A3C /* WSDAPPTests */ = {
			isa = PBXNativeTarget;
			buildConfigurationList = F4702A121A7F27DC00E30A3C /* Build configuration list for PBXNativeTarget "WSDAPPTests" */;
			buildPhases = (
				856E78A08C92DFFE4AA10919 /* [CP] Check Pods Manifest.lock */,
				F4702A011A7F27DC00E30A3C /* Sources */,
				F4702A021A7F27DC00E30A3C /* Frameworks */,
				F4702A031A7F27DC00E30A3C /* Resources */,
				51CF49813F6BE8B826452910 /* [CP] Embed Pods Frameworks */,
				6B91365FE207355CC980C4E2 /* [CP] Copy Pods Resources */,
			);
			buildRules = (
			);
			dependencies = (
				F4702A071A7F27DC00E30A3C /* PBXTargetDependency */,
			);
			name = WSDAPPTests;
			productName = SidebarMenuTests;
			productReference = F4702A051A7F27DC00E30A3C /* WSDAPP.xctest */;
			productType = "com.apple.product-type.bundle.unit-test";
		};
/* End PBXNativeTarget section */

/* Begin PBXProject section */
		F47029E81A7F27DB00E30A3C /* Project object */ = {
			isa = PBXProject;
			attributes = {
				LastSwiftUpdateCheck = 0720;
				LastUpgradeCheck = 0810;
				ORGANIZATIONNAME = AppCoda;
				TargetAttributes = {
					F47029EF1A7F27DB00E30A3C = {
						CreatedOnToolsVersion = 6.1.1;
						DevelopmentTeam = H65Y924PHT;
						LastSwiftMigration = 0810;
						SystemCapabilities = {
							com.apple.Maps.iOS = {
								enabled = 0;
							};
						};
					};
					F4702A041A7F27DC00E30A3C = {
						CreatedOnToolsVersion = 6.1.1;
						LastSwiftMigration = 0810;
						TestTargetID = F47029EF1A7F27DB00E30A3C;
					};
				};
			};
			buildConfigurationList = F47029EB1A7F27DB00E30A3C /* Build configuration list for PBXProject "WSDAPP" */;
			compatibilityVersion = "Xcode 3.2";
			developmentRegion = English;
			hasScannedForEncodings = 0;
			knownRegions = (
				en,
				Base,
			);
			mainGroup = F47029E71A7F27DB00E30A3C;
			productRefGroup = F47029F11A7F27DB00E30A3C /* Products */;
			projectDirPath = "";
			projectRoot = "";
			targets = (
				F47029EF1A7F27DB00E30A3C /* WSDAPP */,
				F4702A041A7F27DC00E30A3C /* WSDAPPTests */,
			);
		};
/* End PBXProject section */

/* Begin PBXResourcesBuildPhase section */
		F47029EE1A7F27DB00E30A3C /* Resources */ = {
			isa = PBXResourcesBuildPhase;
			buildActionMask = 2147483647;
			files = (
				F4702A001A7F27DC00E30A3C /* LaunchScreen.xib in Resources */,
				92AB0D7C1C7D7D7D0030C3D1 /* WSDAPP.xcworkspace in Resources */,
				F47029FD1A7F27DB00E30A3C /* Images.xcassets in Resources */,
				926399541C7D7D980017B7A6 /* Main.storyboard in Resources */,
			);
			runOnlyForDeploymentPostprocessing = 0;
		};
		F4702A031A7F27DC00E30A3C /* Resources */ = {
			isa = PBXResourcesBuildPhase;
			buildActionMask = 2147483647;
			files = (
			);
			runOnlyForDeploymentPostprocessing = 0;
		};
/* End PBXResourcesBuildPhase section */

/* Begin PBXShellScriptBuildPhase section */
		10400A6DB0F5BF3831F3A2B2 /* [CP] Check Pods Manifest.lock */ = {
			isa = PBXShellScriptBuildPhase;
			buildActionMask = 2147483647;
			files = (
			);
			inputPaths = (
			);
			name = "[CP] Check Pods Manifest.lock";
			outputPaths = (
			);
			runOnlyForDeploymentPostprocessing = 0;
			shellPath = /bin/sh;
			shellScript = "diff \"${PODS_ROOT}/../Podfile.lock\" \"${PODS_ROOT}/Manifest.lock\" > /dev/null\nif [ $? != 0 ] ; then\n    # print error to STDERR\n    echo \"error: The sandbox is not in sync with the Podfile.lock. Run 'pod install' or update your CocoaPods installation.\" >&2\n    exit 1\nfi\n";
			showEnvVarsInLog = 0;
		};
		2B13C68F59CBED8618EC8A9C /* [CP] Embed Pods Frameworks */ = {
			isa = PBXShellScriptBuildPhase;
			buildActionMask = 2147483647;
			files = (
			);
			inputPaths = (
			);
			name = "[CP] Embed Pods Frameworks";
			outputPaths = (
			);
			runOnlyForDeploymentPostprocessing = 0;
			shellPath = /bin/sh;
			shellScript = "\"${SRCROOT}/Pods/Target Support Files/Pods-WSDAPP/Pods-WSDAPP-frameworks.sh\"\n";
			showEnvVarsInLog = 0;
		};
		51CF49813F6BE8B826452910 /* [CP] Embed Pods Frameworks */ = {
			isa = PBXShellScriptBuildPhase;
			buildActionMask = 2147483647;
			files = (
			);
			inputPaths = (
			);
			name = "[CP] Embed Pods Frameworks";
			outputPaths = (
			);
			runOnlyForDeploymentPostprocessing = 0;
			shellPath = /bin/sh;
			shellScript = "\"${SRCROOT}/Pods/Target Support Files/Pods-WSDAPPTests/Pods-WSDAPPTests-frameworks.sh\"\n";
			showEnvVarsInLog = 0;
		};
		6B91365FE207355CC980C4E2 /* [CP] Copy Pods Resources */ = {
			isa = PBXShellScriptBuildPhase;
			buildActionMask = 2147483647;
			files = (
			);
			inputPaths = (
			);
			name = "[CP] Copy Pods Resources";
			outputPaths = (
			);
			runOnlyForDeploymentPostprocessing = 0;
			shellPath = /bin/sh;
			shellScript = "\"${SRCROOT}/Pods/Target Support Files/Pods-WSDAPPTests/Pods-WSDAPPTests-resources.sh\"\n";
			showEnvVarsInLog = 0;
		};
		856E78A08C92DFFE4AA10919 /* [CP] Check Pods Manifest.lock */ = {
			isa = PBXShellScriptBuildPhase;
			buildActionMask = 2147483647;
			files = (
			);
			inputPaths = (
			);
			name = "[CP] Check Pods Manifest.lock";
			outputPaths = (
			);
			runOnlyForDeploymentPostprocessing = 0;
			shellPath = /bin/sh;
			shellScript = "diff \"${PODS_ROOT}/../Podfile.lock\" \"${PODS_ROOT}/Manifest.lock\" > /dev/null\nif [ $? != 0 ] ; then\n    # print error to STDERR\n    echo \"error: The sandbox is not in sync with the Podfile.lock. Run 'pod install' or update your CocoaPods installation.\" >&2\n    exit 1\nfi\n";
			showEnvVarsInLog = 0;
		};
		8C6097A90DD00FEC770E5EC1 /* Rollout.io post-build */ = {
			isa = PBXShellScriptBuildPhase;
			buildActionMask = 2147483647;
			files = (
			);
			inputPaths = (
			);
			name = "Rollout.io post-build";
			outputPaths = (
			);
			runOnlyForDeploymentPostprocessing = 0;
			shellPath = /bin/sh;
			shellScript = "ROLLOUT_lastXcodeprojConfiguration=8 \"${SRCROOT}/Pods/Rollout.io/lib/post-build_xcode_phase\" -k 56c8f44ed3b53d1615a3fadb";
		};
		92194AC01C7EC85B0003DB42 /* ShellScript */ = {
			isa = PBXShellScriptBuildPhase;
			buildActionMask = 2147483647;
			files = (
			);
			inputPaths = (
			);
			outputPaths = (
			);
			runOnlyForDeploymentPostprocessing = 0;
			shellPath = /bin/sh;
			shellScript = "\"${PODS_ROOT}/Fabric/run\" cfd44ffd2bff9f2111db37e09cf037efe76f8fe0 1831c58c112530c1f3f9f85ea8cb1606fd6cbcbaeb8200304dbd8332d37ea9a1";
		};
		DFD30E5C2CBC855AF449D104 /* [CP] Copy Pods Resources */ = {
			isa = PBXShellScriptBuildPhase;
			buildActionMask = 2147483647;
			files = (
			);
			inputPaths = (
			);
			name = "[CP] Copy Pods Resources";
			outputPaths = (
			);
			runOnlyForDeploymentPostprocessing = 0;
			shellPath = /bin/sh;
			shellScript = "\"${SRCROOT}/Pods/Target Support Files/Pods-WSDAPP/Pods-WSDAPP-resources.sh\"\n";
			showEnvVarsInLog = 0;
		};
		E7D10A9F951A1FA88582DCDF /* Rollout.io pre-build */ = {
			isa = PBXShellScriptBuildPhase;
			buildActionMask = 2147483647;
			files = (
			);
			inputPaths = (
			);
			name = "Rollout.io pre-build";
			outputPaths = (
			);
			runOnlyForDeploymentPostprocessing = 0;
			shellPath = /bin/sh;
			shellScript = "ROLLOUT_lastXcodeprojConfiguration=8 \"${SRCROOT}/Pods/Rollout.io/lib/pre-build_xcode_phase\" -k 56c8f44ed3b53d1615a3fadb";
		};
/* End PBXShellScriptBuildPhase section */

/* Begin PBXSourcesBuildPhase section */
		F47029EC1A7F27DB00E30A3C /* Sources */ = {
			isa = PBXSourcesBuildPhase;
			buildActionMask = 2147483647;
			files = (
				924061E11C98E7C600162349 /* FlexiSCHEDViewController.swift in Sources */,
				92194ABF1C7EC6E80003DB42 /* ListViewController.swift in Sources */,
				92D055CC1C780FC000CBEEC0 /* CalendarViewController.swift in Sources */,
				F4702A181A7F351C00E30A3C /* MenuController.swift in Sources */,
				92D1EB521C78385F00C39B1D /* SkywardViewController.swift in Sources */,
				92D1EB581C79391900C39B1D /* AboutViewController.swift in Sources */,
				F47029F61A7F27DB00E30A3C /* AppDelegate.swift in Sources */,
				924061D81C8A538200162349 /* TestCalDetailsViewController.swift in Sources */,
				92D1EB4E1C78380600C39B1D /* LunchViewController.swift in Sources */,
				92D055CA1C76E59300CBEEC0 /* SWRevealViewController.m in Sources */,
				92194AB91C7EC6B70003DB42 /* RssRecord.swift in Sources */,
				92D1EB511C78385F00C39B1D /* HomeViewController.swift in Sources */,
				924061DF1C8A55FD00162349 /* CalCommon.swift in Sources */,
				92194ABE1C7EC6E80003DB42 /* DetailsViewController.swift in Sources */,
				92194ABB1C7EC6C40003DB42 /* Common.swift in Sources */,
				926DD3D71C81518F005A4FEB /* TestCalViewController.swift in Sources */,
				92D055CE1C78218A00CBEEC0 /* AlertViewController.swift in Sources */,
				BF2FC57DB701CB4908DECBEF /* RolloutGenerated.swift in Sources */,
				A0D8138A6CCEA404B73FBA34 /* RolloutSwiftInjectionBridge.swift in Sources */,
			);
			runOnlyForDeploymentPostprocessing = 0;
		};
		F4702A011A7F27DC00E30A3C /* Sources */ = {
			isa = PBXSourcesBuildPhase;
			buildActionMask = 2147483647;
			files = (
				F4702A0C1A7F27DC00E30A3C /* SidebarMenuTests.swift in Sources */,
			);
			runOnlyForDeploymentPostprocessing = 0;
		};
/* End PBXSourcesBuildPhase section */

/* Begin PBXTargetDependency section */
		F4702A071A7F27DC00E30A3C /* PBXTargetDependency */ = {
			isa = PBXTargetDependency;
			target = F47029EF1A7F27DB00E30A3C /* WSDAPP */;
			targetProxy = F4702A061A7F27DC00E30A3C /* PBXContainerItemProxy */;
		};
/* End PBXTargetDependency section */

/* Begin PBXVariantGroup section */
		F47029FE1A7F27DB00E30A3C /* LaunchScreen.xib */ = {
			isa = PBXVariantGroup;
			children = (
				F47029FF1A7F27DB00E30A3C /* Base */,
			);
			name = LaunchScreen.xib;
			sourceTree = "<group>";
		};
/* End PBXVariantGroup section */

/* Begin XCBuildConfiguration section */
		F4702A0D1A7F27DC00E30A3C /* Debug */ = {
			isa = XCBuildConfiguration;
			buildSettings = {
				ALWAYS_SEARCH_USER_PATHS = NO;
				CLANG_CXX_LANGUAGE_STANDARD = "gnu++0x";
				CLANG_CXX_LIBRARY = "libc++";
				CLANG_ENABLE_MODULES = YES;
				CLANG_ENABLE_OBJC_ARC = YES;
				CLANG_WARN_BOOL_CONVERSION = YES;
				CLANG_WARN_CONSTANT_CONVERSION = YES;
				CLANG_WARN_DIRECT_OBJC_ISA_USAGE = YES_ERROR;
				CLANG_WARN_EMPTY_BODY = YES;
				CLANG_WARN_ENUM_CONVERSION = YES;
				CLANG_WARN_INFINITE_RECURSION = YES;
				CLANG_WARN_INT_CONVERSION = YES;
				CLANG_WARN_OBJC_ROOT_CLASS = YES_ERROR;
				CLANG_WARN_SUSPICIOUS_MOVE = YES;
				CLANG_WARN_UNREACHABLE_CODE = YES;
				CLANG_WARN__DUPLICATE_METHOD_MATCH = YES;
				"CODE_SIGN_IDENTITY[sdk=iphoneos*]" = "iPhone Developer";
				COPY_PHASE_STRIP = NO;
				ENABLE_STRICT_OBJC_MSGSEND = YES;
				ENABLE_TESTABILITY = YES;
				GCC_C_LANGUAGE_STANDARD = gnu99;
				GCC_DYNAMIC_NO_PIC = NO;
				GCC_NO_COMMON_BLOCKS = YES;
				GCC_OPTIMIZATION_LEVEL = 0;
				GCC_PREPROCESSOR_DEFINITIONS = (
					"DEBUG=1",
					"$(inherited)",
				);
				GCC_SYMBOLS_PRIVATE_EXTERN = NO;
				GCC_WARN_64_TO_32_BIT_CONVERSION = YES;
				GCC_WARN_ABOUT_RETURN_TYPE = YES_ERROR;
				GCC_WARN_UNDECLARED_SELECTOR = YES;
				GCC_WARN_UNINITIALIZED_AUTOS = YES_AGGRESSIVE;
				GCC_WARN_UNUSED_FUNCTION = YES;
				GCC_WARN_UNUSED_VARIABLE = YES;
				IPHONEOS_DEPLOYMENT_TARGET = 8.1;
				MTL_ENABLE_DEBUG_INFO = YES;
				ONLY_ACTIVE_ARCH = YES;
				SDKROOT = iphoneos;
				SWIFT_OPTIMIZATION_LEVEL = "-Onone";
			};
			name = Debug;
		};
		F4702A0E1A7F27DC00E30A3C /* Release */ = {
			isa = XCBuildConfiguration;
			buildSettings = {
				ALWAYS_SEARCH_USER_PATHS = NO;
				CLANG_CXX_LANGUAGE_STANDARD = "gnu++0x";
				CLANG_CXX_LIBRARY = "libc++";
				CLANG_ENABLE_MODULES = YES;
				CLANG_ENABLE_OBJC_ARC = YES;
				CLANG_WARN_BOOL_CONVERSION = YES;
				CLANG_WARN_CONSTANT_CONVERSION = YES;
				CLANG_WARN_DIRECT_OBJC_ISA_USAGE = YES_ERROR;
				CLANG_WARN_EMPTY_BODY = YES;
				CLANG_WARN_ENUM_CONVERSION = YES;
				CLANG_WARN_INFINITE_RECURSION = YES;
				CLANG_WARN_INT_CONVERSION = YES;
				CLANG_WARN_OBJC_ROOT_CLASS = YES_ERROR;
				CLANG_WARN_SUSPICIOUS_MOVE = YES;
				CLANG_WARN_UNREACHABLE_CODE = YES;
				CLANG_WARN__DUPLICATE_METHOD_MATCH = YES;
				"CODE_SIGN_IDENTITY[sdk=iphoneos*]" = "iPhone Developer";
				COPY_PHASE_STRIP = YES;
				ENABLE_NS_ASSERTIONS = NO;
				ENABLE_STRICT_OBJC_MSGSEND = YES;
				GCC_C_LANGUAGE_STANDARD = gnu99;
				GCC_NO_COMMON_BLOCKS = YES;
				GCC_WARN_64_TO_32_BIT_CONVERSION = YES;
				GCC_WARN_ABOUT_RETURN_TYPE = YES_ERROR;
				GCC_WARN_UNDECLARED_SELECTOR = YES;
				GCC_WARN_UNINITIALIZED_AUTOS = YES_AGGRESSIVE;
				GCC_WARN_UNUSED_FUNCTION = YES;
				GCC_WARN_UNUSED_VARIABLE = YES;
				IPHONEOS_DEPLOYMENT_TARGET = 8.1;
				MTL_ENABLE_DEBUG_INFO = NO;
				SDKROOT = iphoneos;
				SWIFT_OPTIMIZATION_LEVEL = "-Owholemodule";
				VALIDATE_PRODUCT = YES;
			};
			name = Release;
		};
		F4702A101A7F27DC00E30A3C /* Debug */ = {
			isa = XCBuildConfiguration;
			baseConfigurationReference = D19404E3342501598E85298D /* Pods-WSDAPP.debug.xcconfig */;
			buildSettings = {
				ASSETCATALOG_COMPILER_APPICON_NAME = AppIcon;
				CLANG_ENABLE_MODULES = YES;
				CODE_SIGN_IDENTITY = "iPhone Developer";
				"CODE_SIGN_IDENTITY[sdk=iphoneos*]" = "iPhone Developer";
				FRAMEWORK_SEARCH_PATHS = (
					"$(inherited)",
					"$(PROJECT_DIR)/Pods/Rollout.io/Rollout",
				);
				GCC_PREPROCESSOR_DEFINITIONS = (
					"$(inherited)",
					"COCOAPODS=1",
				);
				INFOPLIST_FILE = SidebarMenu/Info.plist;
				IPHONEOS_DEPLOYMENT_TARGET = 9.0;
				LD_RUNPATH_SEARCH_PATHS = "$(inherited) @executable_path/Frameworks";
				PRODUCT_BUNDLE_IDENTIFIER = com.lampserv.wsd;
				PRODUCT_NAME = WSDAPP;
				PROVISIONING_PROFILE = "";
				SWIFT_EXEC = "$(SRCROOT)/Pods/Rollout.io/lib/swift_wrapper/swiftc";
				SWIFT_OBJC_BRIDGING_HEADER = "SidebarMenu/SidebarMenu-Bridging-Header.h";
				SWIFT_OPTIMIZATION_LEVEL = "-Onone";
				SWIFT_VERSION = 3.0;
				TARGETED_DEVICE_FAMILY = "1,2";
			};
			name = Debug;
		};
		F4702A111A7F27DC00E30A3C /* Release */ = {
			isa = XCBuildConfiguration;
			baseConfigurationReference = C2B5CC1CEB72FEA3A13F93C2 /* Pods-WSDAPP.release.xcconfig */;
			buildSettings = {
				ASSETCATALOG_COMPILER_APPICON_NAME = AppIcon;
				CLANG_ENABLE_MODULES = YES;
				CODE_SIGN_IDENTITY = "iPhone Developer";
				"CODE_SIGN_IDENTITY[sdk=iphoneos*]" = "iPhone Developer";
				FRAMEWORK_SEARCH_PATHS = (
					"$(inherited)",
					"$(PROJECT_DIR)/Pods/Rollout.io/Rollout",
				);
				GCC_PREPROCESSOR_DEFINITIONS = (
					"$(inherited)",
					"COCOAPODS=1",
				);
				INFOPLIST_FILE = SidebarMenu/Info.plist;
				IPHONEOS_DEPLOYMENT_TARGET = 9.0;
				LD_RUNPATH_SEARCH_PATHS = "$(inherited) @executable_path/Frameworks";
				PRODUCT_BUNDLE_IDENTIFIER = com.lampserv.wsd;
				PRODUCT_NAME = WSDAPP;
				PROVISIONING_PROFILE = "";
				SWIFT_EXEC = "$(SRCROOT)/Pods/Rollout.io/lib/swift_wrapper/swiftc";
				SWIFT_OBJC_BRIDGING_HEADER = "SidebarMenu/SidebarMenu-Bridging-Header.h";
				SWIFT_VERSION = 3.0;
				TARGETED_DEVICE_FAMILY = "1,2";
			};
			name = Release;
		};
		F4702A131A7F27DC00E30A3C /* Debug */ = {
			isa = XCBuildConfiguration;
			baseConfigurationReference = DC3AE5C83D66AEE9E6D53E94 /* Pods-WSDAPPTests.debug.xcconfig */;
			buildSettings = {
				BUNDLE_LOADER = "$(TEST_HOST)";
				FRAMEWORK_SEARCH_PATHS = (
					"$(SDKROOT)/Developer/Library/Frameworks",
					"$(inherited)",
					"Rollout-ios-SDK/Rollout",
					"Rollout-ios-SDK/Rollout",
				);
				GCC_PREPROCESSOR_DEFINITIONS = (
					"DEBUG=1",
					"$(inherited)",
				);
				INFOPLIST_FILE = SidebarMenuTests/Info.plist;
				LD_RUNPATH_SEARCH_PATHS = "$(inherited) @executable_path/Frameworks @loader_path/Frameworks";
				PRODUCT_BUNDLE_IDENTIFIER = "com.appcoda.$(PRODUCT_NAME:rfc1034identifier)";
				PRODUCT_NAME = WSDAPP;
				SWIFT_VERSION = 3.0;
				TEST_HOST = "$(BUILT_PRODUCTS_DIR)/WSDAPP.app/WSDAPP";
			};
			name = Debug;
		};
		F4702A141A7F27DC00E30A3C /* Release */ = {
			isa = XCBuildConfiguration;
			baseConfigurationReference = 84A1C42A1457D6515540FD35 /* Pods-WSDAPPTests.release.xcconfig */;
			buildSettings = {
				BUNDLE_LOADER = "$(TEST_HOST)";
				FRAMEWORK_SEARCH_PATHS = (
					"$(SDKROOT)/Developer/Library/Frameworks",
					"$(inherited)",
					"Rollout-ios-SDK/Rollout",
					"Rollout-ios-SDK/Rollout",
				);
				INFOPLIST_FILE = SidebarMenuTests/Info.plist;
				LD_RUNPATH_SEARCH_PATHS = "$(inherited) @executable_path/Frameworks @loader_path/Frameworks";
				PRODUCT_BUNDLE_IDENTIFIER = "com.appcoda.$(PRODUCT_NAME:rfc1034identifier)";
				PRODUCT_NAME = WSDAPP;
				SWIFT_VERSION = 3.0;
				TEST_HOST = "$(BUILT_PRODUCTS_DIR)/WSDAPP.app/WSDAPP";
			};
			name = Release;
		};
/* End XCBuildConfiguration section */

/* Begin XCConfigurationList section */
		F47029EB1A7F27DB00E30A3C /* Build configuration list for PBXProject "WSDAPP" */ = {
			isa = XCConfigurationList;
			buildConfigurations = (
				F4702A0D1A7F27DC00E30A3C /* Debug */,
				F4702A0E1A7F27DC00E30A3C /* Release */,
			);
			defaultConfigurationIsVisible = 0;
			defaultConfigurationName = Release;
		};
		F4702A0F1A7F27DC00E30A3C /* Build configuration list for PBXNativeTarget "WSDAPP" */ = {
			isa = XCConfigurationList;
			buildConfigurations = (
				F4702A101A7F27DC00E30A3C /* Debug */,
				F4702A111A7F27DC00E30A3C /* Release */,
			);
			defaultConfigurationIsVisible = 0;
			defaultConfigurationName = Release;
		};
		F4702A121A7F27DC00E30A3C /* Build configuration list for PBXNativeTarget "WSDAPPTests" */ = {
			isa = XCConfigurationList;
			buildConfigurations = (
				F4702A131A7F27DC00E30A3C /* Debug */,
				F4702A141A7F27DC00E30A3C /* Release */,
			);
			defaultConfigurationIsVisible = 0;
			defaultConfigurationName = Release;
		};
/* End XCConfigurationList section */
	};
	rootObject = F47029E81A7F27DB00E30A3C /* Project object */;
}
